// !$*UTF8*$!
{
	archiveVersion = 1;
	classes = {
	};
	objectVersion = 50;
	objects = {

/* Begin PBXBuildFile section */
		0DE68DEB027F5BACBC89E0E9 /* libPods-Clickstream.a in Frameworks */ = {isa = PBXBuildFile; fileRef = 15C36E99255B83323C971CC1 /* libPods-Clickstream.a */; };
		681EAB4124897822003AB41A /* AppStateNotifierMock.swift in Sources */ = {isa = PBXBuildFile; fileRef = 681EAB4024897822003AB41A /* AppStateNotifierMock.swift */; };
		68316329260CB2690095DBCA /* BatchSizeRegulatorMock.swift in Sources */ = {isa = PBXBuildFile; fileRef = 68316328260CB2690095DBCA /* BatchSizeRegulatorMock.swift */; };
		68316339260DC7D00095DBCA /* DatabaseMock.swift in Sources */ = {isa = PBXBuildFile; fileRef = 68316338260DC7D00095DBCA /* DatabaseMock.swift */; };
		6831635F261218F90095DBCA /* RetryMechanismTests.swift in Sources */ = {isa = PBXBuildFile; fileRef = 6831635E261218F90095DBCA /* RetryMechanismTests.swift */; };
		687B2A2A246AA756008F2805 /* NetworkReachabilityMock.swift in Sources */ = {isa = PBXBuildFile; fileRef = 687B2A29246AA756008F2805 /* NetworkReachabilityMock.swift */; };
		68E19FB8247D42100074A790 /* DispatchQueue+Detection.swift in Sources */ = {isa = PBXBuildFile; fileRef = 68E19FB5247D42100074A790 /* DispatchQueue+Detection.swift */; };
		68E7BD202456E6F10072549A /* libClickstream.a in Frameworks */ = {isa = PBXBuildFile; fileRef = 68E7BADF244F08C00072549A /* libClickstream.a */; };
		68E7BD87246028CF0072549A /* SocketHandlerMock.swift in Sources */ = {isa = PBXBuildFile; fileRef = 68E7BD86246028CF0072549A /* SocketHandlerMock.swift */; };
		9ACF41E824ADEC7000A10832 /* MockConstants.swift in Sources */ = {isa = PBXBuildFile; fileRef = 9ACF41E724ADEC7000A10832 /* MockConstants.swift */; };
		9AF0C758280DEC8C00E39A12 /* ClickStreamTests.swift in Sources */ = {isa = PBXBuildFile; fileRef = 9AB88AA0251B00030092659B /* ClickStreamTests.swift */; };
		9AF0C759280DEC9600E39A12 /* EventTests.swift in Sources */ = {isa = PBXBuildFile; fileRef = 9AA23CFA24A5978B001BE490 /* EventTests.swift */; };
		9AF0C75A280DECBD00E39A12 /* EventBatchTests.swift in Sources */ = {isa = PBXBuildFile; fileRef = 9AA23D0024A5A1A7001BE490 /* EventBatchTests.swift */; };
		9AF0C75B280DECBF00E39A12 /* ClickStreamDependenciesTests.swift in Sources */ = {isa = PBXBuildFile; fileRef = 9AA23D0B24AA5536001BE490 /* ClickStreamDependenciesTests.swift */; };
		9AF0C75C280DECC200E39A12 /* EventProcessorTest.swift in Sources */ = {isa = PBXBuildFile; fileRef = 9AA23CF524A33B4C001BE490 /* EventProcessorTest.swift */; };
		9AF0C75D280DECC400E39A12 /* EventProcessorDependenciesTests.swift in Sources */ = {isa = PBXBuildFile; fileRef = 9AA23D1024AB2801001BE490 /* EventProcessorDependenciesTests.swift */; };
		9AF0C75E280DECD600E39A12 /* EventCreatorTests.swift in Sources */ = {isa = PBXBuildFile; fileRef = 68E19FB3247D42100074A790 /* EventCreatorTests.swift */; };
		9AF0C75F280DECD800E39A12 /* SchedulerServiceTests.swift in Sources */ = {isa = PBXBuildFile; fileRef = 68E19FB2247D420F0074A790 /* SchedulerServiceTests.swift */; };
		9AF0C760280DECDC00E39A12 /* SortedArrayTests.swift in Sources */ = {isa = PBXBuildFile; fileRef = 9AAFBAE924754CEF009BFDFB /* SortedArrayTests.swift */; };
		9AF0C761280DECDE00E39A12 /* EventBatchProcessorTests.swift in Sources */ = {isa = PBXBuildFile; fileRef = 681EAB3E248972E6003AB41A /* EventBatchProcessorTests.swift */; };
		9AF0C762280DECE100E39A12 /* EventWarehouserTests.swift in Sources */ = {isa = PBXBuildFile; fileRef = 6831AFD8248E5265004596CC /* EventWarehouserTests.swift */; };
		9AF0C763280DECE300E39A12 /* EventSchedulerDependenciesTests.swift in Sources */ = {isa = PBXBuildFile; fileRef = 9AA23D0524A9D6CC001BE490 /* EventSchedulerDependenciesTests.swift */; };
		9AF0C764280DECE500E39A12 /* AppStateNotifierServiceTests.swift in Sources */ = {isa = PBXBuildFile; fileRef = 9AA23D0924AA297E001BE490 /* AppStateNotifierServiceTests.swift */; };
		9AF0C765280DECE800E39A12 /* NetworkManagerDependenciesTests.swift in Sources */ = {isa = PBXBuildFile; fileRef = 9AA23D0E24AB1696001BE490 /* NetworkManagerDependenciesTests.swift */; };
		9AF0C766280DECEB00E39A12 /* DeviceStatusNotifierTests.swift in Sources */ = {isa = PBXBuildFile; fileRef = 9AA23D0324A99DCE001BE490 /* DeviceStatusNotifierTests.swift */; };
		9AF0C767280DECEE00E39A12 /* NetworkServiceTests.swift in Sources */ = {isa = PBXBuildFile; fileRef = 68E7BD89246034F90072549A /* NetworkServiceTests.swift */; };
		9AF0C768280DECF000E39A12 /* NetworkBuilderTests.swift in Sources */ = {isa = PBXBuildFile; fileRef = 68E7BD8B246184310072549A /* NetworkBuilderTests.swift */; };
		A0140458BEA2245F0B6A96C1 /* libPods-ClickstreamTests.a in Frameworks */ = {isa = PBXBuildFile; fileRef = 9DE1A11685B2A743BA43E866 /* libPods-ClickstreamTests.a */; };
		BDFF2D3C2844CDFB005B843E /* NetworkBuilder.swift in Sources */ = {isa = PBXBuildFile; fileRef = BDFF2CEF2844CDFA005B843E /* NetworkBuilder.swift */; };
		BDFF2D3D2844CDFB005B843E /* NetworkBuilder.swift in Sources */ = {isa = PBXBuildFile; fileRef = BDFF2CEF2844CDFA005B843E /* NetworkBuilder.swift */; };
		BDFF2D3E2844CDFB005B843E /* RetryMechanism.swift in Sources */ = {isa = PBXBuildFile; fileRef = BDFF2CF02844CDFA005B843E /* RetryMechanism.swift */; };
		BDFF2D3F2844CDFB005B843E /* RetryMechanism.swift in Sources */ = {isa = PBXBuildFile; fileRef = BDFF2CF02844CDFA005B843E /* RetryMechanism.swift */; };
		BDFF2D402844CDFB005B843E /* NetworkManagerDependencies.swift in Sources */ = {isa = PBXBuildFile; fileRef = BDFF2CF22844CDFA005B843E /* NetworkManagerDependencies.swift */; };
		BDFF2D412844CDFB005B843E /* NetworkManagerDependencies.swift in Sources */ = {isa = PBXBuildFile; fileRef = BDFF2CF22844CDFA005B843E /* NetworkManagerDependencies.swift */; };
		BDFF2D422844CDFB005B843E /* Heartbeat.swift in Sources */ = {isa = PBXBuildFile; fileRef = BDFF2CF52844CDFA005B843E /* Heartbeat.swift */; };
		BDFF2D432844CDFB005B843E /* Heartbeat.swift in Sources */ = {isa = PBXBuildFile; fileRef = BDFF2CF52844CDFA005B843E /* Heartbeat.swift */; };
		BDFF2D442844CDFB005B843E /* SocketHandler.swift in Sources */ = {isa = PBXBuildFile; fileRef = BDFF2CF62844CDFA005B843E /* SocketHandler.swift */; };
		BDFF2D452844CDFB005B843E /* SocketHandler.swift in Sources */ = {isa = PBXBuildFile; fileRef = BDFF2CF62844CDFA005B843E /* SocketHandler.swift */; };
		BDFF2D462844CDFB005B843E /* Requestable.swift in Sources */ = {isa = PBXBuildFile; fileRef = BDFF2CF82844CDFA005B843E /* Requestable.swift */; };
		BDFF2D472844CDFB005B843E /* Requestable.swift in Sources */ = {isa = PBXBuildFile; fileRef = BDFF2CF82844CDFA005B843E /* Requestable.swift */; };
		BDFF2D482844CDFB005B843E /* NetworkService.swift in Sources */ = {isa = PBXBuildFile; fileRef = BDFF2CF92844CDFA005B843E /* NetworkService.swift */; };
		BDFF2D492844CDFB005B843E /* NetworkService.swift in Sources */ = {isa = PBXBuildFile; fileRef = BDFF2CF92844CDFA005B843E /* NetworkService.swift */; };
		BDFF2D4A2844CDFB005B843E /* Connectable.swift in Sources */ = {isa = PBXBuildFile; fileRef = BDFF2CFA2844CDFA005B843E /* Connectable.swift */; };
		BDFF2D4B2844CDFB005B843E /* Connectable.swift in Sources */ = {isa = PBXBuildFile; fileRef = BDFF2CFA2844CDFA005B843E /* Connectable.swift */; };
		BDFF2D4C2844CDFB005B843E /* NetworkConfiguration.swift in Sources */ = {isa = PBXBuildFile; fileRef = BDFF2CFB2844CDFB005B843E /* NetworkConfiguration.swift */; };
		BDFF2D4D2844CDFB005B843E /* NetworkConfiguration.swift in Sources */ = {isa = PBXBuildFile; fileRef = BDFF2CFB2844CDFB005B843E /* NetworkConfiguration.swift */; };
		BDFF2D4E2844CDFB005B843E /* Atomic.swift in Sources */ = {isa = PBXBuildFile; fileRef = BDFF2CFD2844CDFB005B843E /* Atomic.swift */; };
		BDFF2D4F2844CDFB005B843E /* Atomic.swift in Sources */ = {isa = PBXBuildFile; fileRef = BDFF2CFD2844CDFB005B843E /* Atomic.swift */; };
		BDFF2D502844CDFB005B843E /* DeviceStatusNotifier.swift in Sources */ = {isa = PBXBuildFile; fileRef = BDFF2CFE2844CDFB005B843E /* DeviceStatusNotifier.swift */; };
		BDFF2D512844CDFB005B843E /* DeviceStatusNotifier.swift in Sources */ = {isa = PBXBuildFile; fileRef = BDFF2CFE2844CDFB005B843E /* DeviceStatusNotifier.swift */; };
		BDFF2D522844CDFB005B843E /* NetworkReachability.swift in Sources */ = {isa = PBXBuildFile; fileRef = BDFF2CFF2844CDFB005B843E /* NetworkReachability.swift */; };
		BDFF2D532844CDFB005B843E /* NetworkReachability.swift in Sources */ = {isa = PBXBuildFile; fileRef = BDFF2CFF2844CDFB005B843E /* NetworkReachability.swift */; };
		BDFF2D542844CDFB005B843E /* DispatchSourceTimer+RepeatingTimer.swift in Sources */ = {isa = PBXBuildFile; fileRef = BDFF2D002844CDFB005B843E /* DispatchSourceTimer+RepeatingTimer.swift */; };
		BDFF2D552844CDFB005B843E /* DispatchSourceTimer+RepeatingTimer.swift in Sources */ = {isa = PBXBuildFile; fileRef = BDFF2D002844CDFB005B843E /* DispatchSourceTimer+RepeatingTimer.swift */; };
		BDFF2D562844CDFB005B843E /* KeepAliveService.swift in Sources */ = {isa = PBXBuildFile; fileRef = BDFF2D012844CDFB005B843E /* KeepAliveService.swift */; };
		BDFF2D572844CDFB005B843E /* KeepAliveService.swift in Sources */ = {isa = PBXBuildFile; fileRef = BDFF2D012844CDFB005B843E /* KeepAliveService.swift */; };
		BDFF2D582844CDFB005B843E /* ProtoConvertible.swift in Sources */ = {isa = PBXBuildFile; fileRef = BDFF2D042844CDFB005B843E /* ProtoConvertible.swift */; };
		BDFF2D592844CDFB005B843E /* ProtoConvertible.swift in Sources */ = {isa = PBXBuildFile; fileRef = BDFF2D042844CDFB005B843E /* ProtoConvertible.swift */; };
		BDFF2D5A2844CDFB005B843E /* EventRequest.swift in Sources */ = {isa = PBXBuildFile; fileRef = BDFF2D072844CDFB005B843E /* EventRequest.swift */; };
		BDFF2D5B2844CDFB005B843E /* EventRequest.swift in Sources */ = {isa = PBXBuildFile; fileRef = BDFF2D072844CDFB005B843E /* EventRequest.swift */; };
		BDFF2D5C2844CDFB005B843E /* ClickStream.swift in Sources */ = {isa = PBXBuildFile; fileRef = BDFF2D0A2844CDFB005B843E /* ClickStream.swift */; };
		BDFF2D5D2844CDFB005B843E /* ClickStream.swift in Sources */ = {isa = PBXBuildFile; fileRef = BDFF2D0A2844CDFB005B843E /* ClickStream.swift */; };
		BDFF2D5E2844CDFB005B843E /* ClickstreamDependencies.swift in Sources */ = {isa = PBXBuildFile; fileRef = BDFF2D0C2844CDFB005B843E /* ClickstreamDependencies.swift */; };
		BDFF2D5F2844CDFB005B843E /* ClickstreamDependencies.swift in Sources */ = {isa = PBXBuildFile; fileRef = BDFF2D0C2844CDFB005B843E /* ClickstreamDependencies.swift */; };
		BDFF2D602844CDFB005B843E /* ClickStreamConstraints.swift in Sources */ = {isa = PBXBuildFile; fileRef = BDFF2D0F2844CDFB005B843E /* ClickStreamConstraints.swift */; };
		BDFF2D612844CDFB005B843E /* ClickStreamConstraints.swift in Sources */ = {isa = PBXBuildFile; fileRef = BDFF2D0F2844CDFB005B843E /* ClickStreamConstraints.swift */; };
		BDFF2D622844CDFB005B843E /* ClickStreamEventClassification.swift in Sources */ = {isa = PBXBuildFile; fileRef = BDFF2D102844CDFB005B843E /* ClickStreamEventClassification.swift */; };
		BDFF2D632844CDFB005B843E /* ClickStreamEventClassification.swift in Sources */ = {isa = PBXBuildFile; fileRef = BDFF2D102844CDFB005B843E /* ClickStreamEventClassification.swift */; };
		BDFF2D642844CDFB005B843E /* Constants.swift in Sources */ = {isa = PBXBuildFile; fileRef = BDFF2D122844CDFB005B843E /* Constants.swift */; };
		BDFF2D652844CDFB005B843E /* Constants.swift in Sources */ = {isa = PBXBuildFile; fileRef = BDFF2D122844CDFB005B843E /* Constants.swift */; };
		BDFF2D662844CDFB005B843E /* Reachability+Extension.swift in Sources */ = {isa = PBXBuildFile; fileRef = BDFF2D142844CDFB005B843E /* Reachability+Extension.swift */; };
		BDFF2D672844CDFB005B843E /* Reachability+Extension.swift in Sources */ = {isa = PBXBuildFile; fileRef = BDFF2D142844CDFB005B843E /* Reachability+Extension.swift */; };
		BDFF2D682844CDFB005B843E /* JSONStringDecoder.swift in Sources */ = {isa = PBXBuildFile; fileRef = BDFF2D152844CDFB005B843E /* JSONStringDecoder.swift */; };
		BDFF2D692844CDFB005B843E /* JSONStringDecoder.swift in Sources */ = {isa = PBXBuildFile; fileRef = BDFF2D152844CDFB005B843E /* JSONStringDecoder.swift */; };
		BDFF2D6A2844CDFB005B843E /* Logger.swift in Sources */ = {isa = PBXBuildFile; fileRef = BDFF2D162844CDFB005B843E /* Logger.swift */; };
		BDFF2D6B2844CDFB005B843E /* Logger.swift in Sources */ = {isa = PBXBuildFile; fileRef = BDFF2D162844CDFB005B843E /* Logger.swift */; };
		BDFF2D6C2844CDFB005B843E /* DeviceInfo.swift in Sources */ = {isa = PBXBuildFile; fileRef = BDFF2D172844CDFB005B843E /* DeviceInfo.swift */; };
		BDFF2D6D2844CDFB005B843E /* DeviceInfo.swift in Sources */ = {isa = PBXBuildFile; fileRef = BDFF2D172844CDFB005B843E /* DeviceInfo.swift */; };
		BDFF2D6E2844CDFB005B843E /* Event.swift in Sources */ = {isa = PBXBuildFile; fileRef = BDFF2D1A2844CDFB005B843E /* Event.swift */; };
		BDFF2D6F2844CDFB005B843E /* Event.swift in Sources */ = {isa = PBXBuildFile; fileRef = BDFF2D1A2844CDFB005B843E /* Event.swift */; };
		BDFF2D702844CDFB005B843E /* ClickstreamEvent.swift in Sources */ = {isa = PBXBuildFile; fileRef = BDFF2D1B2844CDFB005B843E /* ClickstreamEvent.swift */; };
		BDFF2D712844CDFB005B843E /* ClickstreamEvent.swift in Sources */ = {isa = PBXBuildFile; fileRef = BDFF2D1B2844CDFB005B843E /* ClickstreamEvent.swift */; };
		BDFF2D722844CDFB005B843E /* EventBatch.swift in Sources */ = {isa = PBXBuildFile; fileRef = BDFF2D1C2844CDFB005B843E /* EventBatch.swift */; };
		BDFF2D732844CDFB005B843E /* EventBatch.swift in Sources */ = {isa = PBXBuildFile; fileRef = BDFF2D1C2844CDFB005B843E /* EventBatch.swift */; };
		BDFF2D742844CDFB005B843E /* EventRequest.pb.swift in Sources */ = {isa = PBXBuildFile; fileRef = BDFF2D1E2844CDFB005B843E /* EventRequest.pb.swift */; };
		BDFF2D752844CDFB005B843E /* EventRequest.pb.swift in Sources */ = {isa = PBXBuildFile; fileRef = BDFF2D1E2844CDFB005B843E /* EventRequest.pb.swift */; };
		BDFF2D762844CDFB005B843E /* EventResponse.pb.swift in Sources */ = {isa = PBXBuildFile; fileRef = BDFF2D1F2844CDFB005B843E /* EventResponse.pb.swift */; };
		BDFF2D772844CDFB005B843E /* EventResponse.pb.swift in Sources */ = {isa = PBXBuildFile; fileRef = BDFF2D1F2844CDFB005B843E /* EventResponse.pb.swift */; };
		BDFF2D782844CDFB005B843E /* Event.pb.swift in Sources */ = {isa = PBXBuildFile; fileRef = BDFF2D202844CDFB005B843E /* Event.pb.swift */; };
		BDFF2D792844CDFB005B843E /* Event.pb.swift in Sources */ = {isa = PBXBuildFile; fileRef = BDFF2D202844CDFB005B843E /* Event.pb.swift */; };
		BDFF2D7A2844CDFB005B843E /* EventBatchCreator.swift in Sources */ = {isa = PBXBuildFile; fileRef = BDFF2D232844CDFB005B843E /* EventBatchCreator.swift */; };
		BDFF2D7B2844CDFB005B843E /* EventBatchCreator.swift in Sources */ = {isa = PBXBuildFile; fileRef = BDFF2D232844CDFB005B843E /* EventBatchCreator.swift */; };
		BDFF2D7C2844CDFB005B843E /* EventSchedulerDependencies.swift in Sources */ = {isa = PBXBuildFile; fileRef = BDFF2D242844CDFB005B843E /* EventSchedulerDependencies.swift */; };
		BDFF2D7D2844CDFB005B843E /* EventSchedulerDependencies.swift in Sources */ = {isa = PBXBuildFile; fileRef = BDFF2D242844CDFB005B843E /* EventSchedulerDependencies.swift */; };
		BDFF2D7E2844CDFB005B843E /* EventWarehouser.swift in Sources */ = {isa = PBXBuildFile; fileRef = BDFF2D252844CDFB005B843E /* EventWarehouser.swift */; };
		BDFF2D7F2844CDFB005B843E /* EventWarehouser.swift in Sources */ = {isa = PBXBuildFile; fileRef = BDFF2D252844CDFB005B843E /* EventWarehouser.swift */; };
		BDFF2D802844CDFB005B843E /* EventBatchProcessor.swift in Sources */ = {isa = PBXBuildFile; fileRef = BDFF2D262844CDFB005B843E /* EventBatchProcessor.swift */; };
		BDFF2D812844CDFB005B843E /* EventBatchProcessor.swift in Sources */ = {isa = PBXBuildFile; fileRef = BDFF2D262844CDFB005B843E /* EventBatchProcessor.swift */; };
		BDFF2D822844CDFB005B843E /* AppStateNotifierService.swift in Sources */ = {isa = PBXBuildFile; fileRef = BDFF2D292844CDFB005B843E /* AppStateNotifierService.swift */; };
		BDFF2D832844CDFB005B843E /* AppStateNotifierService.swift in Sources */ = {isa = PBXBuildFile; fileRef = BDFF2D292844CDFB005B843E /* AppStateNotifierService.swift */; };
		BDFF2D842844CDFB005B843E /* EventBatchSizeRegulator.swift in Sources */ = {isa = PBXBuildFile; fileRef = BDFF2D2A2844CDFB005B843E /* EventBatchSizeRegulator.swift */; };
		BDFF2D852844CDFB005B843E /* EventBatchSizeRegulator.swift in Sources */ = {isa = PBXBuildFile; fileRef = BDFF2D2A2844CDFB005B843E /* EventBatchSizeRegulator.swift */; };
		BDFF2D862844CDFB005B843E /* SchedulerService.swift in Sources */ = {isa = PBXBuildFile; fileRef = BDFF2D2B2844CDFB005B843E /* SchedulerService.swift */; };
		BDFF2D872844CDFB005B843E /* SchedulerService.swift in Sources */ = {isa = PBXBuildFile; fileRef = BDFF2D2B2844CDFB005B843E /* SchedulerService.swift */; };
		BDFF2D882844CDFB005B843E /* SortedArray.swift in Sources */ = {isa = PBXBuildFile; fileRef = BDFF2D2C2844CDFB005B843E /* SortedArray.swift */; };
		BDFF2D892844CDFB005B843E /* SortedArray.swift in Sources */ = {isa = PBXBuildFile; fileRef = BDFF2D2C2844CDFB005B843E /* SortedArray.swift */; };
		BDFF2D8A2844CDFB005B843E /* DatabaseHandler.swift in Sources */ = {isa = PBXBuildFile; fileRef = BDFF2D302844CDFB005B843E /* DatabaseHandler.swift */; };
		BDFF2D8B2844CDFB005B843E /* DatabaseHandler.swift in Sources */ = {isa = PBXBuildFile; fileRef = BDFF2D302844CDFB005B843E /* DatabaseHandler.swift */; };
		BDFF2D8C2844CDFB005B843E /* DatabaseDAO.swift in Sources */ = {isa = PBXBuildFile; fileRef = BDFF2D312844CDFB005B843E /* DatabaseDAO.swift */; };
		BDFF2D8D2844CDFB005B843E /* DatabaseDAO.swift in Sources */ = {isa = PBXBuildFile; fileRef = BDFF2D312844CDFB005B843E /* DatabaseDAO.swift */; };
		BDFF2D8E2844CDFB005B843E /* TableDefinable.swift in Sources */ = {isa = PBXBuildFile; fileRef = BDFF2D342844CDFB005B843E /* TableDefinable.swift */; };
		BDFF2D8F2844CDFB005B843E /* TableDefinable.swift in Sources */ = {isa = PBXBuildFile; fileRef = BDFF2D342844CDFB005B843E /* TableDefinable.swift */; };
		BDFF2D902844CDFB005B843E /* DatabasePersistable.swift in Sources */ = {isa = PBXBuildFile; fileRef = BDFF2D352844CDFB005B843E /* DatabasePersistable.swift */; };
		BDFF2D912844CDFB005B843E /* DatabasePersistable.swift in Sources */ = {isa = PBXBuildFile; fileRef = BDFF2D352844CDFB005B843E /* DatabasePersistable.swift */; };
		BDFF2D922844CDFB005B843E /* FileStorable.swift in Sources */ = {isa = PBXBuildFile; fileRef = BDFF2D362844CDFB005B843E /* FileStorable.swift */; };
		BDFF2D932844CDFB005B843E /* FileStorable.swift in Sources */ = {isa = PBXBuildFile; fileRef = BDFF2D362844CDFB005B843E /* FileStorable.swift */; };
		BDFF2D942844CDFB005B843E /* EventClassifier.swift in Sources */ = {isa = PBXBuildFile; fileRef = BDFF2D392844CDFB005B843E /* EventClassifier.swift */; };
		BDFF2D952844CDFB005B843E /* EventClassifier.swift in Sources */ = {isa = PBXBuildFile; fileRef = BDFF2D392844CDFB005B843E /* EventClassifier.swift */; };
		BDFF2D962844CDFB005B843E /* EventProcessor.swift in Sources */ = {isa = PBXBuildFile; fileRef = BDFF2D3A2844CDFB005B843E /* EventProcessor.swift */; };
		BDFF2D972844CDFB005B843E /* EventProcessor.swift in Sources */ = {isa = PBXBuildFile; fileRef = BDFF2D3A2844CDFB005B843E /* EventProcessor.swift */; };
		BDFF2D982844CDFB005B843E /* EventProcessorDependencies.swift in Sources */ = {isa = PBXBuildFile; fileRef = BDFF2D3B2844CDFB005B843E /* EventProcessorDependencies.swift */; };
		BDFF2D992844CDFB005B843E /* EventProcessorDependencies.swift in Sources */ = {isa = PBXBuildFile; fileRef = BDFF2D3B2844CDFB005B843E /* EventProcessorDependencies.swift */; };
/* End PBXBuildFile section */

/* Begin PBXContainerItemProxy section */
		68E7BD212456E6F10072549A /* PBXContainerItemProxy */ = {
			isa = PBXContainerItemProxy;
			containerPortal = 68E7BAD7244F08C00072549A /* Project object */;
			proxyType = 1;
			remoteGlobalIDString = 68E7BADE244F08C00072549A;
			remoteInfo = ClickStream;
		};
/* End PBXContainerItemProxy section */

/* Begin PBXCopyFilesBuildPhase section */
		68E7BADD244F08C00072549A /* CopyFiles */ = {
			isa = PBXCopyFilesBuildPhase;
			buildActionMask = 2147483647;
			dstPath = "include/$(PRODUCT_NAME)";
			dstSubfolderSpec = 16;
			files = (
			);
			runOnlyForDeploymentPostprocessing = 0;
		};
/* End PBXCopyFilesBuildPhase section */

/* Begin PBXFileReference section */
		026883E1ABD8D4DE000CCE1A /* Pods-ClickstreamTests.debug.xcconfig */ = {isa = PBXFileReference; includeInIndex = 1; lastKnownFileType = text.xcconfig; name = "Pods-ClickstreamTests.debug.xcconfig"; path = "Target Support Files/Pods-ClickstreamTests/Pods-ClickstreamTests.debug.xcconfig"; sourceTree = "<group>"; };
		15C36E99255B83323C971CC1 /* libPods-Clickstream.a */ = {isa = PBXFileReference; explicitFileType = archive.ar; includeInIndex = 0; path = "libPods-Clickstream.a"; sourceTree = BUILT_PRODUCTS_DIR; };
		29B8DC0F2041096BB583B8F4 /* Pods-Clickstream.production.xcconfig */ = {isa = PBXFileReference; includeInIndex = 1; lastKnownFileType = text.xcconfig; name = "Pods-Clickstream.production.xcconfig"; path = "Target Support Files/Pods-Clickstream/Pods-Clickstream.production.xcconfig"; sourceTree = "<group>"; };
		4E6C3824C7CDED41B858448B /* Pods-Clickstream.integration.xcconfig */ = {isa = PBXFileReference; includeInIndex = 1; lastKnownFileType = text.xcconfig; name = "Pods-Clickstream.integration.xcconfig"; path = "Target Support Files/Pods-Clickstream/Pods-Clickstream.integration.xcconfig"; sourceTree = "<group>"; };
		648DAB4E40F6DC907B382865 /* Pods-Clickstream.debug.xcconfig */ = {isa = PBXFileReference; includeInIndex = 1; lastKnownFileType = text.xcconfig; name = "Pods-Clickstream.debug.xcconfig"; path = "Target Support Files/Pods-Clickstream/Pods-Clickstream.debug.xcconfig"; sourceTree = "<group>"; };
		681EAB3E248972E6003AB41A /* EventBatchProcessorTests.swift */ = {isa = PBXFileReference; lastKnownFileType = sourcecode.swift; name = EventBatchProcessorTests.swift; path = ClickStreamTests/EventSchedulerTests/EventBatchProcessorTests.swift; sourceTree = SOURCE_ROOT; };
		681EAB4024897822003AB41A /* AppStateNotifierMock.swift */ = {isa = PBXFileReference; lastKnownFileType = sourcecode.swift; path = AppStateNotifierMock.swift; sourceTree = "<group>"; };
		68316328260CB2690095DBCA /* BatchSizeRegulatorMock.swift */ = {isa = PBXFileReference; lastKnownFileType = sourcecode.swift; path = BatchSizeRegulatorMock.swift; sourceTree = "<group>"; };
		68316338260DC7D00095DBCA /* DatabaseMock.swift */ = {isa = PBXFileReference; lastKnownFileType = sourcecode.swift; path = DatabaseMock.swift; sourceTree = "<group>"; };
		6831635E261218F90095DBCA /* RetryMechanismTests.swift */ = {isa = PBXFileReference; lastKnownFileType = sourcecode.swift; path = RetryMechanismTests.swift; sourceTree = "<group>"; };
		6831AFD8248E5265004596CC /* EventWarehouserTests.swift */ = {isa = PBXFileReference; lastKnownFileType = sourcecode.swift; path = EventWarehouserTests.swift; sourceTree = "<group>"; };
		687B2A29246AA756008F2805 /* NetworkReachabilityMock.swift */ = {isa = PBXFileReference; lastKnownFileType = sourcecode.swift; path = NetworkReachabilityMock.swift; sourceTree = "<group>"; };
		68E19FB2247D420F0074A790 /* SchedulerServiceTests.swift */ = {isa = PBXFileReference; fileEncoding = 4; lastKnownFileType = sourcecode.swift; path = SchedulerServiceTests.swift; sourceTree = "<group>"; };
		68E19FB3247D42100074A790 /* EventCreatorTests.swift */ = {isa = PBXFileReference; fileEncoding = 4; lastKnownFileType = sourcecode.swift; path = EventCreatorTests.swift; sourceTree = "<group>"; };
		68E19FB5247D42100074A790 /* DispatchQueue+Detection.swift */ = {isa = PBXFileReference; fileEncoding = 4; lastKnownFileType = sourcecode.swift; path = "DispatchQueue+Detection.swift"; sourceTree = "<group>"; };
		68E7BADF244F08C00072549A /* libClickstream.a */ = {isa = PBXFileReference; explicitFileType = archive.ar; includeInIndex = 0; path = libClickstream.a; sourceTree = BUILT_PRODUCTS_DIR; };
		68E7BD1B2456E6F10072549A /* ClickstreamTests.xctest */ = {isa = PBXFileReference; explicitFileType = wrapper.cfbundle; includeInIndex = 0; path = ClickstreamTests.xctest; sourceTree = BUILT_PRODUCTS_DIR; };
		68E7BD1F2456E6F10072549A /* Info.plist */ = {isa = PBXFileReference; lastKnownFileType = text.plist.xml; path = Info.plist; sourceTree = "<group>"; };
		68E7BD86246028CF0072549A /* SocketHandlerMock.swift */ = {isa = PBXFileReference; lastKnownFileType = sourcecode.swift; path = SocketHandlerMock.swift; sourceTree = "<group>"; };
		68E7BD89246034F90072549A /* NetworkServiceTests.swift */ = {isa = PBXFileReference; lastKnownFileType = sourcecode.swift; path = NetworkServiceTests.swift; sourceTree = "<group>"; };
		68E7BD8B246184310072549A /* NetworkBuilderTests.swift */ = {isa = PBXFileReference; lastKnownFileType = sourcecode.swift; path = NetworkBuilderTests.swift; sourceTree = "<group>"; };
		8F897E08C979344DD901081E /* Pods-ClickstreamTests.integration.xcconfig */ = {isa = PBXFileReference; includeInIndex = 1; lastKnownFileType = text.xcconfig; name = "Pods-ClickstreamTests.integration.xcconfig"; path = "Target Support Files/Pods-ClickstreamTests/Pods-ClickstreamTests.integration.xcconfig"; sourceTree = "<group>"; };
		982B79213B46315695DB86CD /* Pods-ClickstreamTests.alpha.xcconfig */ = {isa = PBXFileReference; includeInIndex = 1; lastKnownFileType = text.xcconfig; name = "Pods-ClickstreamTests.alpha.xcconfig"; path = "Target Support Files/Pods-ClickstreamTests/Pods-ClickstreamTests.alpha.xcconfig"; sourceTree = "<group>"; };
		9AA23CF524A33B4C001BE490 /* EventProcessorTest.swift */ = {isa = PBXFileReference; lastKnownFileType = sourcecode.swift; path = EventProcessorTest.swift; sourceTree = "<group>"; };
		9AA23CFA24A5978B001BE490 /* EventTests.swift */ = {isa = PBXFileReference; lastKnownFileType = sourcecode.swift; path = EventTests.swift; sourceTree = "<group>"; };
		9AA23D0024A5A1A7001BE490 /* EventBatchTests.swift */ = {isa = PBXFileReference; lastKnownFileType = sourcecode.swift; path = EventBatchTests.swift; sourceTree = "<group>"; };
		9AA23D0324A99DCE001BE490 /* DeviceStatusNotifierTests.swift */ = {isa = PBXFileReference; lastKnownFileType = sourcecode.swift; path = DeviceStatusNotifierTests.swift; sourceTree = "<group>"; };
		9AA23D0524A9D6CC001BE490 /* EventSchedulerDependenciesTests.swift */ = {isa = PBXFileReference; lastKnownFileType = sourcecode.swift; path = EventSchedulerDependenciesTests.swift; sourceTree = "<group>"; };
		9AA23D0924AA297E001BE490 /* AppStateNotifierServiceTests.swift */ = {isa = PBXFileReference; lastKnownFileType = sourcecode.swift; path = AppStateNotifierServiceTests.swift; sourceTree = "<group>"; };
		9AA23D0B24AA5536001BE490 /* ClickStreamDependenciesTests.swift */ = {isa = PBXFileReference; lastKnownFileType = sourcecode.swift; path = ClickStreamDependenciesTests.swift; sourceTree = "<group>"; };
		9AA23D0E24AB1696001BE490 /* NetworkManagerDependenciesTests.swift */ = {isa = PBXFileReference; lastKnownFileType = sourcecode.swift; path = NetworkManagerDependenciesTests.swift; sourceTree = "<group>"; };
		9AA23D1024AB2801001BE490 /* EventProcessorDependenciesTests.swift */ = {isa = PBXFileReference; lastKnownFileType = sourcecode.swift; path = EventProcessorDependenciesTests.swift; sourceTree = "<group>"; };
		9AAFBAE924754CEF009BFDFB /* SortedArrayTests.swift */ = {isa = PBXFileReference; lastKnownFileType = sourcecode.swift; path = SortedArrayTests.swift; sourceTree = "<group>"; };
		9AB88AA0251B00030092659B /* ClickStreamTests.swift */ = {isa = PBXFileReference; fileEncoding = 4; lastKnownFileType = sourcecode.swift; path = ClickStreamTests.swift; sourceTree = "<group>"; };
		9ACF41E724ADEC7000A10832 /* MockConstants.swift */ = {isa = PBXFileReference; lastKnownFileType = sourcecode.swift; path = MockConstants.swift; sourceTree = "<group>"; };
		9DE1A11685B2A743BA43E866 /* libPods-ClickstreamTests.a */ = {isa = PBXFileReference; explicitFileType = archive.ar; includeInIndex = 0; path = "libPods-ClickstreamTests.a"; sourceTree = BUILT_PRODUCTS_DIR; };
		BB8FC50A2642B4AB9A0F5C7A /* Pods-ClickstreamTests.release.xcconfig */ = {isa = PBXFileReference; includeInIndex = 1; lastKnownFileType = text.xcconfig; name = "Pods-ClickstreamTests.release.xcconfig"; path = "Target Support Files/Pods-ClickstreamTests/Pods-ClickstreamTests.release.xcconfig"; sourceTree = "<group>"; };
		BDFF2CEF2844CDFA005B843E /* NetworkBuilder.swift */ = {isa = PBXFileReference; fileEncoding = 4; lastKnownFileType = sourcecode.swift; path = NetworkBuilder.swift; sourceTree = "<group>"; };
		BDFF2CF02844CDFA005B843E /* RetryMechanism.swift */ = {isa = PBXFileReference; fileEncoding = 4; lastKnownFileType = sourcecode.swift; path = RetryMechanism.swift; sourceTree = "<group>"; };
		BDFF2CF22844CDFA005B843E /* NetworkManagerDependencies.swift */ = {isa = PBXFileReference; fileEncoding = 4; lastKnownFileType = sourcecode.swift; path = NetworkManagerDependencies.swift; sourceTree = "<group>"; };
		BDFF2CF52844CDFA005B843E /* Heartbeat.swift */ = {isa = PBXFileReference; fileEncoding = 4; lastKnownFileType = sourcecode.swift; path = Heartbeat.swift; sourceTree = "<group>"; };
		BDFF2CF62844CDFA005B843E /* SocketHandler.swift */ = {isa = PBXFileReference; fileEncoding = 4; lastKnownFileType = sourcecode.swift; path = SocketHandler.swift; sourceTree = "<group>"; };
		BDFF2CF82844CDFA005B843E /* Requestable.swift */ = {isa = PBXFileReference; fileEncoding = 4; lastKnownFileType = sourcecode.swift; path = Requestable.swift; sourceTree = "<group>"; };
		BDFF2CF92844CDFA005B843E /* NetworkService.swift */ = {isa = PBXFileReference; fileEncoding = 4; lastKnownFileType = sourcecode.swift; path = NetworkService.swift; sourceTree = "<group>"; };
		BDFF2CFA2844CDFA005B843E /* Connectable.swift */ = {isa = PBXFileReference; fileEncoding = 4; lastKnownFileType = sourcecode.swift; path = Connectable.swift; sourceTree = "<group>"; };
		BDFF2CFB2844CDFB005B843E /* NetworkConfiguration.swift */ = {isa = PBXFileReference; fileEncoding = 4; lastKnownFileType = sourcecode.swift; path = NetworkConfiguration.swift; sourceTree = "<group>"; };
		BDFF2CFD2844CDFB005B843E /* Atomic.swift */ = {isa = PBXFileReference; fileEncoding = 4; lastKnownFileType = sourcecode.swift; path = Atomic.swift; sourceTree = "<group>"; };
		BDFF2CFE2844CDFB005B843E /* DeviceStatusNotifier.swift */ = {isa = PBXFileReference; fileEncoding = 4; lastKnownFileType = sourcecode.swift; path = DeviceStatusNotifier.swift; sourceTree = "<group>"; };
		BDFF2CFF2844CDFB005B843E /* NetworkReachability.swift */ = {isa = PBXFileReference; fileEncoding = 4; lastKnownFileType = sourcecode.swift; path = NetworkReachability.swift; sourceTree = "<group>"; };
		BDFF2D002844CDFB005B843E /* DispatchSourceTimer+RepeatingTimer.swift */ = {isa = PBXFileReference; fileEncoding = 4; lastKnownFileType = sourcecode.swift; path = "DispatchSourceTimer+RepeatingTimer.swift"; sourceTree = "<group>"; };
		BDFF2D012844CDFB005B843E /* KeepAliveService.swift */ = {isa = PBXFileReference; fileEncoding = 4; lastKnownFileType = sourcecode.swift; path = KeepAliveService.swift; sourceTree = "<group>"; };
		BDFF2D042844CDFB005B843E /* ProtoConvertible.swift */ = {isa = PBXFileReference; fileEncoding = 4; lastKnownFileType = sourcecode.swift; path = ProtoConvertible.swift; sourceTree = "<group>"; };
		BDFF2D072844CDFB005B843E /* EventRequest.swift */ = {isa = PBXFileReference; fileEncoding = 4; lastKnownFileType = sourcecode.swift; path = EventRequest.swift; sourceTree = "<group>"; };
		BDFF2D0A2844CDFB005B843E /* ClickStream.swift */ = {isa = PBXFileReference; fileEncoding = 4; lastKnownFileType = sourcecode.swift; path = ClickStream.swift; sourceTree = "<group>"; };
		BDFF2D0C2844CDFB005B843E /* ClickstreamDependencies.swift */ = {isa = PBXFileReference; fileEncoding = 4; lastKnownFileType = sourcecode.swift; path = ClickstreamDependencies.swift; sourceTree = "<group>"; };
		BDFF2D0F2844CDFB005B843E /* ClickStreamConstraints.swift */ = {isa = PBXFileReference; fileEncoding = 4; lastKnownFileType = sourcecode.swift; path = ClickStreamConstraints.swift; sourceTree = "<group>"; };
		BDFF2D102844CDFB005B843E /* ClickStreamEventClassification.swift */ = {isa = PBXFileReference; fileEncoding = 4; lastKnownFileType = sourcecode.swift; path = ClickStreamEventClassification.swift; sourceTree = "<group>"; };
		BDFF2D122844CDFB005B843E /* Constants.swift */ = {isa = PBXFileReference; fileEncoding = 4; lastKnownFileType = sourcecode.swift; path = Constants.swift; sourceTree = "<group>"; };
		BDFF2D142844CDFB005B843E /* Reachability+Extension.swift */ = {isa = PBXFileReference; fileEncoding = 4; lastKnownFileType = sourcecode.swift; path = "Reachability+Extension.swift"; sourceTree = "<group>"; };
		BDFF2D152844CDFB005B843E /* JSONStringDecoder.swift */ = {isa = PBXFileReference; fileEncoding = 4; lastKnownFileType = sourcecode.swift; path = JSONStringDecoder.swift; sourceTree = "<group>"; };
		BDFF2D162844CDFB005B843E /* Logger.swift */ = {isa = PBXFileReference; fileEncoding = 4; lastKnownFileType = sourcecode.swift; path = Logger.swift; sourceTree = "<group>"; };
		BDFF2D172844CDFB005B843E /* DeviceInfo.swift */ = {isa = PBXFileReference; fileEncoding = 4; lastKnownFileType = sourcecode.swift; path = DeviceInfo.swift; sourceTree = "<group>"; };
		BDFF2D1A2844CDFB005B843E /* Event.swift */ = {isa = PBXFileReference; fileEncoding = 4; lastKnownFileType = sourcecode.swift; path = Event.swift; sourceTree = "<group>"; };
		BDFF2D1B2844CDFB005B843E /* ClickstreamEvent.swift */ = {isa = PBXFileReference; fileEncoding = 4; lastKnownFileType = sourcecode.swift; path = ClickstreamEvent.swift; sourceTree = "<group>"; };
		BDFF2D1C2844CDFB005B843E /* EventBatch.swift */ = {isa = PBXFileReference; fileEncoding = 4; lastKnownFileType = sourcecode.swift; path = EventBatch.swift; sourceTree = "<group>"; };
		BDFF2D1E2844CDFB005B843E /* EventRequest.pb.swift */ = {isa = PBXFileReference; fileEncoding = 4; lastKnownFileType = sourcecode.swift; path = EventRequest.pb.swift; sourceTree = "<group>"; };
		BDFF2D1F2844CDFB005B843E /* EventResponse.pb.swift */ = {isa = PBXFileReference; fileEncoding = 4; lastKnownFileType = sourcecode.swift; path = EventResponse.pb.swift; sourceTree = "<group>"; };
		BDFF2D202844CDFB005B843E /* Event.pb.swift */ = {isa = PBXFileReference; fileEncoding = 4; lastKnownFileType = sourcecode.swift; path = Event.pb.swift; sourceTree = "<group>"; };
		BDFF2D232844CDFB005B843E /* EventBatchCreator.swift */ = {isa = PBXFileReference; fileEncoding = 4; lastKnownFileType = sourcecode.swift; path = EventBatchCreator.swift; sourceTree = "<group>"; };
		BDFF2D242844CDFB005B843E /* EventSchedulerDependencies.swift */ = {isa = PBXFileReference; fileEncoding = 4; lastKnownFileType = sourcecode.swift; path = EventSchedulerDependencies.swift; sourceTree = "<group>"; };
		BDFF2D252844CDFB005B843E /* EventWarehouser.swift */ = {isa = PBXFileReference; fileEncoding = 4; lastKnownFileType = sourcecode.swift; path = EventWarehouser.swift; sourceTree = "<group>"; };
		BDFF2D262844CDFB005B843E /* EventBatchProcessor.swift */ = {isa = PBXFileReference; fileEncoding = 4; lastKnownFileType = sourcecode.swift; path = EventBatchProcessor.swift; sourceTree = "<group>"; };
		BDFF2D292844CDFB005B843E /* AppStateNotifierService.swift */ = {isa = PBXFileReference; fileEncoding = 4; lastKnownFileType = sourcecode.swift; path = AppStateNotifierService.swift; sourceTree = "<group>"; };
		BDFF2D2A2844CDFB005B843E /* EventBatchSizeRegulator.swift */ = {isa = PBXFileReference; fileEncoding = 4; lastKnownFileType = sourcecode.swift; path = EventBatchSizeRegulator.swift; sourceTree = "<group>"; };
		BDFF2D2B2844CDFB005B843E /* SchedulerService.swift */ = {isa = PBXFileReference; fileEncoding = 4; lastKnownFileType = sourcecode.swift; path = SchedulerService.swift; sourceTree = "<group>"; };
		BDFF2D2C2844CDFB005B843E /* SortedArray.swift */ = {isa = PBXFileReference; fileEncoding = 4; lastKnownFileType = sourcecode.swift; path = SortedArray.swift; sourceTree = "<group>"; };
		BDFF2D302844CDFB005B843E /* DatabaseHandler.swift */ = {isa = PBXFileReference; fileEncoding = 4; lastKnownFileType = sourcecode.swift; path = DatabaseHandler.swift; sourceTree = "<group>"; };
		BDFF2D312844CDFB005B843E /* DatabaseDAO.swift */ = {isa = PBXFileReference; fileEncoding = 4; lastKnownFileType = sourcecode.swift; path = DatabaseDAO.swift; sourceTree = "<group>"; };
		BDFF2D342844CDFB005B843E /* TableDefinable.swift */ = {isa = PBXFileReference; fileEncoding = 4; lastKnownFileType = sourcecode.swift; path = TableDefinable.swift; sourceTree = "<group>"; };
		BDFF2D352844CDFB005B843E /* DatabasePersistable.swift */ = {isa = PBXFileReference; fileEncoding = 4; lastKnownFileType = sourcecode.swift; path = DatabasePersistable.swift; sourceTree = "<group>"; };
		BDFF2D362844CDFB005B843E /* FileStorable.swift */ = {isa = PBXFileReference; fileEncoding = 4; lastKnownFileType = sourcecode.swift; path = FileStorable.swift; sourceTree = "<group>"; };
		BDFF2D392844CDFB005B843E /* EventClassifier.swift */ = {isa = PBXFileReference; fileEncoding = 4; lastKnownFileType = sourcecode.swift; path = EventClassifier.swift; sourceTree = "<group>"; };
		BDFF2D3A2844CDFB005B843E /* EventProcessor.swift */ = {isa = PBXFileReference; fileEncoding = 4; lastKnownFileType = sourcecode.swift; path = EventProcessor.swift; sourceTree = "<group>"; };
		BDFF2D3B2844CDFB005B843E /* EventProcessorDependencies.swift */ = {isa = PBXFileReference; fileEncoding = 4; lastKnownFileType = sourcecode.swift; path = EventProcessorDependencies.swift; sourceTree = "<group>"; };
		CE0DDF6C8FEF56541542F669 /* Pods-Clickstream.release.xcconfig */ = {isa = PBXFileReference; includeInIndex = 1; lastKnownFileType = text.xcconfig; name = "Pods-Clickstream.release.xcconfig"; path = "Target Support Files/Pods-Clickstream/Pods-Clickstream.release.xcconfig"; sourceTree = "<group>"; };
		E124AE4DB65361CBC287A781 /* Pods-ClickstreamTests.production.xcconfig */ = {isa = PBXFileReference; includeInIndex = 1; lastKnownFileType = text.xcconfig; name = "Pods-ClickstreamTests.production.xcconfig"; path = "Target Support Files/Pods-ClickstreamTests/Pods-ClickstreamTests.production.xcconfig"; sourceTree = "<group>"; };
		ECF5BD8DAF7A99CBB2DED931 /* Pods-Clickstream.alpha.xcconfig */ = {isa = PBXFileReference; includeInIndex = 1; lastKnownFileType = text.xcconfig; name = "Pods-Clickstream.alpha.xcconfig"; path = "Target Support Files/Pods-Clickstream/Pods-Clickstream.alpha.xcconfig"; sourceTree = "<group>"; };
/* End PBXFileReference section */

/* Begin PBXFrameworksBuildPhase section */
		68E7BADC244F08C00072549A /* Frameworks */ = {
			isa = PBXFrameworksBuildPhase;
			buildActionMask = 2147483647;
			files = (
				0DE68DEB027F5BACBC89E0E9 /* libPods-Clickstream.a in Frameworks */,
			);
			runOnlyForDeploymentPostprocessing = 0;
		};
		68E7BD182456E6F10072549A /* Frameworks */ = {
			isa = PBXFrameworksBuildPhase;
			buildActionMask = 2147483647;
			files = (
				68E7BD202456E6F10072549A /* libClickstream.a in Frameworks */,
				A0140458BEA2245F0B6A96C1 /* libPods-ClickstreamTests.a in Frameworks */,
			);
			runOnlyForDeploymentPostprocessing = 0;
		};
/* End PBXFrameworksBuildPhase section */

/* Begin PBXGroup section */
		1D0728A3CF08FFAE52476738 /* Frameworks */ = {
			isa = PBXGroup;
			children = (
				15C36E99255B83323C971CC1 /* libPods-Clickstream.a */,
				9DE1A11685B2A743BA43E866 /* libPods-ClickstreamTests.a */,
			);
			name = Frameworks;
			sourceTree = "<group>";
		};
		2E71FBE7FAE66AF83A297BB5 /* Pods */ = {
			isa = PBXGroup;
			children = (
				648DAB4E40F6DC907B382865 /* Pods-Clickstream.debug.xcconfig */,
				4E6C3824C7CDED41B858448B /* Pods-Clickstream.integration.xcconfig */,
				CE0DDF6C8FEF56541542F669 /* Pods-Clickstream.release.xcconfig */,
				ECF5BD8DAF7A99CBB2DED931 /* Pods-Clickstream.alpha.xcconfig */,
				29B8DC0F2041096BB583B8F4 /* Pods-Clickstream.production.xcconfig */,
				026883E1ABD8D4DE000CCE1A /* Pods-ClickstreamTests.debug.xcconfig */,
				8F897E08C979344DD901081E /* Pods-ClickstreamTests.integration.xcconfig */,
				BB8FC50A2642B4AB9A0F5C7A /* Pods-ClickstreamTests.release.xcconfig */,
				982B79213B46315695DB86CD /* Pods-ClickstreamTests.alpha.xcconfig */,
				E124AE4DB65361CBC287A781 /* Pods-ClickstreamTests.production.xcconfig */,
			);
			path = Pods;
			sourceTree = "<group>";
		};
		6831AFDA248E5275004596CC /* Mocks */ = {
			isa = PBXGroup;
			children = (
				681EAB4024897822003AB41A /* AppStateNotifierMock.swift */,
				68316328260CB2690095DBCA /* BatchSizeRegulatorMock.swift */,
				68316338260DC7D00095DBCA /* DatabaseMock.swift */,
			);
			path = Mocks;
			sourceTree = "<group>";
		};
		68E19FB4247D42100074A790 /* Utilities */ = {
			isa = PBXGroup;
			children = (
				68E19FB5247D42100074A790 /* DispatchQueue+Detection.swift */,
			);
			path = Utilities;
			sourceTree = "<group>";
		};
		68E7BAD6244F08C00072549A = {
			isa = PBXGroup;
			children = (
				BDFF2CEB2844CDFA005B843E /* Sources */,
				68E7BD1C2456E6F10072549A /* ClickstreamTests */,
				68E7BAE0244F08C00072549A /* Products */,
				2E71FBE7FAE66AF83A297BB5 /* Pods */,
				9AAFBB13247CBA15009BFDFB /* Recovered References */,
				1D0728A3CF08FFAE52476738 /* Frameworks */,
			);
			sourceTree = "<group>";
		};
		68E7BAE0244F08C00072549A /* Products */ = {
			isa = PBXGroup;
			children = (
				68E7BADF244F08C00072549A /* libClickstream.a */,
				68E7BD1B2456E6F10072549A /* ClickstreamTests.xctest */,
			);
			name = Products;
			sourceTree = "<group>";
		};
		68E7BD1C2456E6F10072549A /* ClickstreamTests */ = {
			isa = PBXGroup;
			children = (
				9AA23CF824A59756001BE490 /* Core */,
				9AA23CF424A33AED001BE490 /* EventProcessorTests */,
				9AAFBAE824754CB5009BFDFB /* EventSchedulerTests */,
				68E7BD84245F3A0D0072549A /* NetworkManagerTests */,
				68E7BD1F2456E6F10072549A /* Info.plist */,
			);
			path = ClickstreamTests;
			sourceTree = "<group>";
		};
		68E7BD84245F3A0D0072549A /* NetworkManagerTests */ = {
			isa = PBXGroup;
			children = (
				9AA23D0D24AB167F001BE490 /* Core */,
				9AA23D0224A99DB1001BE490 /* Utilities */,
				68E7BD88246034DF0072549A /* Infrastructure */,
				68E7BD85246028B70072549A /* Mocks */,
			);
			path = NetworkManagerTests;
			sourceTree = "<group>";
		};
		68E7BD85246028B70072549A /* Mocks */ = {
			isa = PBXGroup;
			children = (
				68E7BD86246028CF0072549A /* SocketHandlerMock.swift */,
				687B2A29246AA756008F2805 /* NetworkReachabilityMock.swift */,
			);
			path = Mocks;
			sourceTree = "<group>";
		};
		68E7BD88246034DF0072549A /* Infrastructure */ = {
			isa = PBXGroup;
			children = (
				68E7BD89246034F90072549A /* NetworkServiceTests.swift */,
				68E7BD8B246184310072549A /* NetworkBuilderTests.swift */,
				6831635E261218F90095DBCA /* RetryMechanismTests.swift */,
			);
			path = Infrastructure;
			sourceTree = "<group>";
		};
		9AA23CF424A33AED001BE490 /* EventProcessorTests */ = {
			isa = PBXGroup;
			children = (
				9AA23CF524A33B4C001BE490 /* EventProcessorTest.swift */,
				9AA23D1024AB2801001BE490 /* EventProcessorDependenciesTests.swift */,
			);
			path = EventProcessorTests;
			sourceTree = "<group>";
		};
		9AA23CF824A59756001BE490 /* Core */ = {
			isa = PBXGroup;
			children = (
				9AB88AA0251B00030092659B /* ClickStreamTests.swift */,
				9ACF41E624ADEC5200A10832 /* Mocks */,
				9AA23CF924A59768001BE490 /* Entities */,
				9AA23D0B24AA5536001BE490 /* ClickStreamDependenciesTests.swift */,
			);
			path = Core;
			sourceTree = "<group>";
		};
		9AA23CF924A59768001BE490 /* Entities */ = {
			isa = PBXGroup;
			children = (
				9AA23CFA24A5978B001BE490 /* EventTests.swift */,
				9AA23D0024A5A1A7001BE490 /* EventBatchTests.swift */,
			);
			path = Entities;
			sourceTree = "<group>";
		};
		9AA23D0224A99DB1001BE490 /* Utilities */ = {
			isa = PBXGroup;
			children = (
				9AA23D0324A99DCE001BE490 /* DeviceStatusNotifierTests.swift */,
			);
			path = Utilities;
			sourceTree = "<group>";
		};
		9AA23D0D24AB167F001BE490 /* Core */ = {
			isa = PBXGroup;
			children = (
				9AA23D0E24AB1696001BE490 /* NetworkManagerDependenciesTests.swift */,
			);
			path = Core;
			sourceTree = "<group>";
		};
		9AAFBAE824754CB5009BFDFB /* EventSchedulerTests */ = {
			isa = PBXGroup;
			children = (
				9AAFBB01247A9266009BFDFB /* Data */,
				68E19FB4247D42100074A790 /* Utilities */,
				6831AFDA248E5275004596CC /* Mocks */,
				68E19FB3247D42100074A790 /* EventCreatorTests.swift */,
				68E19FB2247D420F0074A790 /* SchedulerServiceTests.swift */,
				9AAFBAE924754CEF009BFDFB /* SortedArrayTests.swift */,
				681EAB3E248972E6003AB41A /* EventBatchProcessorTests.swift */,
				6831AFD8248E5265004596CC /* EventWarehouserTests.swift */,
				9AA23D0524A9D6CC001BE490 /* EventSchedulerDependenciesTests.swift */,
				9AA23D0924AA297E001BE490 /* AppStateNotifierServiceTests.swift */,
			);
			path = EventSchedulerTests;
			sourceTree = "<group>";
		};
		9AAFBB01247A9266009BFDFB /* Data */ = {
			isa = PBXGroup;
			children = (
				9AAFBB02247A927F009BFDFB /* Persistence */,
			);
			path = Data;
			sourceTree = "<group>";
		};
		9AAFBB02247A927F009BFDFB /* Persistence */ = {
			isa = PBXGroup;
			children = (
			);
			path = Persistence;
			sourceTree = "<group>";
		};
		9AAFBB13247CBA15009BFDFB /* Recovered References */ = {
			isa = PBXGroup;
			children = (
			);
			name = "Recovered References";
			sourceTree = "<group>";
		};
		9ACF41E624ADEC5200A10832 /* Mocks */ = {
			isa = PBXGroup;
			children = (
				9ACF41E724ADEC7000A10832 /* MockConstants.swift */,
			);
			path = Mocks;
			sourceTree = "<group>";
		};
		BDFF2CEB2844CDFA005B843E /* Sources */ = {
			isa = PBXGroup;
			children = (
				BDFF2CEC2844CDFA005B843E /* Clickstream */,
			);
			path = Sources;
			sourceTree = "<group>";
		};
		BDFF2CEC2844CDFA005B843E /* Clickstream */ = {
			isa = PBXGroup;
			children = (
				BDFF2CED2844CDFA005B843E /* NetworkManager */,
				BDFF2D082844CDFB005B843E /* Core */,
				BDFF2D1D2844CDFB005B843E /* Contracts */,
				BDFF2D212844CDFB005B843E /* EventScheduler */,
				BDFF2D372844CDFB005B843E /* EventProcessor */,
			);
			path = Clickstream;
			sourceTree = "<group>";
		};
		BDFF2CED2844CDFA005B843E /* NetworkManager */ = {
			isa = PBXGroup;
			children = (
				BDFF2CEE2844CDFA005B843E /* Core */,
				BDFF2CF32844CDFA005B843E /* Infrastructure */,
				BDFF2D022844CDFB005B843E /* Data */,
				BDFF2D052844CDFB005B843E /* Domain */,
			);
			path = NetworkManager;
			sourceTree = "<group>";
		};
		BDFF2CEE2844CDFA005B843E /* Core */ = {
			isa = PBXGroup;
			children = (
				BDFF2CEF2844CDFA005B843E /* NetworkBuilder.swift */,
				BDFF2CF02844CDFA005B843E /* RetryMechanism.swift */,
				BDFF2CF12844CDFA005B843E /* Dependencies */,
			);
			path = Core;
			sourceTree = "<group>";
		};
		BDFF2CF12844CDFA005B843E /* Dependencies */ = {
			isa = PBXGroup;
			children = (
				BDFF2CF22844CDFA005B843E /* NetworkManagerDependencies.swift */,
			);
			path = Dependencies;
			sourceTree = "<group>";
		};
		BDFF2CF32844CDFA005B843E /* Infrastructure */ = {
			isa = PBXGroup;
			children = (
				BDFF2CF42844CDFA005B843E /* Sockets */,
				BDFF2CF72844CDFA005B843E /* NetworkService */,
				BDFF2CFC2844CDFB005B843E /* Utilities */,
			);
			path = Infrastructure;
			sourceTree = "<group>";
		};
		BDFF2CF42844CDFA005B843E /* Sockets */ = {
			isa = PBXGroup;
			children = (
				BDFF2CF52844CDFA005B843E /* Heartbeat.swift */,
				BDFF2CF62844CDFA005B843E /* SocketHandler.swift */,
			);
			path = Sockets;
			sourceTree = "<group>";
		};
		BDFF2CF72844CDFA005B843E /* NetworkService */ = {
			isa = PBXGroup;
			children = (
				BDFF2CF82844CDFA005B843E /* Requestable.swift */,
				BDFF2CF92844CDFA005B843E /* NetworkService.swift */,
				BDFF2CFA2844CDFA005B843E /* Connectable.swift */,
				BDFF2CFB2844CDFB005B843E /* NetworkConfiguration.swift */,
			);
			path = NetworkService;
			sourceTree = "<group>";
		};
		BDFF2CFC2844CDFB005B843E /* Utilities */ = {
			isa = PBXGroup;
			children = (
				BDFF2CFD2844CDFB005B843E /* Atomic.swift */,
				BDFF2CFE2844CDFB005B843E /* DeviceStatusNotifier.swift */,
				BDFF2CFF2844CDFB005B843E /* NetworkReachability.swift */,
				BDFF2D002844CDFB005B843E /* DispatchSourceTimer+RepeatingTimer.swift */,
				BDFF2D012844CDFB005B843E /* KeepAliveService.swift */,
			);
			path = Utilities;
			sourceTree = "<group>";
		};
		BDFF2D022844CDFB005B843E /* Data */ = {
			isa = PBXGroup;
			children = (
				BDFF2D032844CDFB005B843E /* ProtoConvertible */,
			);
			path = Data;
			sourceTree = "<group>";
		};
		BDFF2D032844CDFB005B843E /* ProtoConvertible */ = {
			isa = PBXGroup;
			children = (
				BDFF2D042844CDFB005B843E /* ProtoConvertible.swift */,
			);
			path = ProtoConvertible;
			sourceTree = "<group>";
		};
		BDFF2D052844CDFB005B843E /* Domain */ = {
			isa = PBXGroup;
			children = (
				BDFF2D062844CDFB005B843E /* Entities */,
			);
			path = Domain;
			sourceTree = "<group>";
		};
		BDFF2D062844CDFB005B843E /* Entities */ = {
			isa = PBXGroup;
			children = (
				BDFF2D072844CDFB005B843E /* EventRequest.swift */,
			);
			path = Entities;
			sourceTree = "<group>";
		};
		BDFF2D082844CDFB005B843E /* Core */ = {
			isa = PBXGroup;
			children = (
				BDFF2D092844CDFB005B843E /* Interface */,
				BDFF2D0B2844CDFB005B843E /* Dependencies */,
				BDFF2D0D2844CDFB005B843E /* Data */,
				BDFF2D182844CDFB005B843E /* Domain */,
			);
			path = Core;
			sourceTree = "<group>";
		};
		BDFF2D092844CDFB005B843E /* Interface */ = {
			isa = PBXGroup;
			children = (
				BDFF2D0A2844CDFB005B843E /* ClickStream.swift */,
			);
			path = Interface;
			sourceTree = "<group>";
		};
		BDFF2D0B2844CDFB005B843E /* Dependencies */ = {
			isa = PBXGroup;
			children = (
				BDFF2D0C2844CDFB005B843E /* ClickstreamDependencies.swift */,
			);
			path = Dependencies;
			sourceTree = "<group>";
		};
		BDFF2D0D2844CDFB005B843E /* Data */ = {
			isa = PBXGroup;
			children = (
				BDFF2D0E2844CDFB005B843E /* Constraints */,
				BDFF2D112844CDFB005B843E /* Constants */,
				BDFF2D132844CDFB005B843E /* Utilities */,
			);
			path = Data;
			sourceTree = "<group>";
		};
		BDFF2D0E2844CDFB005B843E /* Constraints */ = {
			isa = PBXGroup;
			children = (
				BDFF2D0F2844CDFB005B843E /* ClickStreamConstraints.swift */,
				BDFF2D102844CDFB005B843E /* ClickStreamEventClassification.swift */,
			);
			path = Constraints;
			sourceTree = "<group>";
		};
		BDFF2D112844CDFB005B843E /* Constants */ = {
			isa = PBXGroup;
			children = (
				BDFF2D122844CDFB005B843E /* Constants.swift */,
			);
			path = Constants;
			sourceTree = "<group>";
		};
		BDFF2D132844CDFB005B843E /* Utilities */ = {
			isa = PBXGroup;
			children = (
				BDFF2D142844CDFB005B843E /* Reachability+Extension.swift */,
				BDFF2D152844CDFB005B843E /* JSONStringDecoder.swift */,
				BDFF2D162844CDFB005B843E /* Logger.swift */,
				BDFF2D172844CDFB005B843E /* DeviceInfo.swift */,
			);
			path = Utilities;
			sourceTree = "<group>";
		};
		BDFF2D182844CDFB005B843E /* Domain */ = {
			isa = PBXGroup;
			children = (
				BDFF2D192844CDFB005B843E /* Entities */,
			);
			path = Domain;
			sourceTree = "<group>";
		};
		BDFF2D192844CDFB005B843E /* Entities */ = {
			isa = PBXGroup;
			children = (
				BDFF2D1A2844CDFB005B843E /* Event.swift */,
				BDFF2D1B2844CDFB005B843E /* ClickstreamEvent.swift */,
				BDFF2D1C2844CDFB005B843E /* EventBatch.swift */,
			);
			path = Entities;
			sourceTree = "<group>";
		};
		BDFF2D1D2844CDFB005B843E /* Contracts */ = {
			isa = PBXGroup;
			children = (
				BDFF2D1E2844CDFB005B843E /* EventRequest.pb.swift */,
				BDFF2D1F2844CDFB005B843E /* EventResponse.pb.swift */,
				BDFF2D202844CDFB005B843E /* Event.pb.swift */,
			);
			path = Contracts;
			sourceTree = "<group>";
		};
		BDFF2D212844CDFB005B843E /* EventScheduler */ = {
			isa = PBXGroup;
			children = (
				BDFF2D222844CDFB005B843E /* Core */,
				BDFF2D272844CDFB005B843E /* Infrastructure */,
				BDFF2D2D2844CDFB005B843E /* Data */,
				BDFF2D322844CDFB005B843E /* Domain */,
			);
			path = EventScheduler;
			sourceTree = "<group>";
		};
		BDFF2D222844CDFB005B843E /* Core */ = {
			isa = PBXGroup;
			children = (
				BDFF2D232844CDFB005B843E /* EventBatchCreator.swift */,
				BDFF2D242844CDFB005B843E /* EventSchedulerDependencies.swift */,
				BDFF2D252844CDFB005B843E /* EventWarehouser.swift */,
				BDFF2D262844CDFB005B843E /* EventBatchProcessor.swift */,
			);
			path = Core;
			sourceTree = "<group>";
		};
		BDFF2D272844CDFB005B843E /* Infrastructure */ = {
			isa = PBXGroup;
			children = (
				BDFF2D282844CDFB005B843E /* Utilities */,
			);
			path = Infrastructure;
			sourceTree = "<group>";
		};
		BDFF2D282844CDFB005B843E /* Utilities */ = {
			isa = PBXGroup;
			children = (
				BDFF2D292844CDFB005B843E /* AppStateNotifierService.swift */,
				BDFF2D2A2844CDFB005B843E /* EventBatchSizeRegulator.swift */,
				BDFF2D2B2844CDFB005B843E /* SchedulerService.swift */,
				BDFF2D2C2844CDFB005B843E /* SortedArray.swift */,
			);
			path = Utilities;
			sourceTree = "<group>";
		};
		BDFF2D2D2844CDFB005B843E /* Data */ = {
			isa = PBXGroup;
			children = (
				BDFF2D2E2844CDFB005B843E /* Persistence */,
			);
			path = Data;
			sourceTree = "<group>";
		};
		BDFF2D2E2844CDFB005B843E /* Persistence */ = {
			isa = PBXGroup;
			children = (
				BDFF2D2F2844CDFB005B843E /* Database */,
				BDFF2D312844CDFB005B843E /* DatabaseDAO.swift */,
			);
			path = Persistence;
			sourceTree = "<group>";
		};
		BDFF2D2F2844CDFB005B843E /* Database */ = {
			isa = PBXGroup;
			children = (
				BDFF2D302844CDFB005B843E /* DatabaseHandler.swift */,
			);
			path = Database;
			sourceTree = "<group>";
		};
		BDFF2D322844CDFB005B843E /* Domain */ = {
			isa = PBXGroup;
			children = (
				BDFF2D332844CDFB005B843E /* Protocols */,
			);
			path = Domain;
			sourceTree = "<group>";
		};
		BDFF2D332844CDFB005B843E /* Protocols */ = {
			isa = PBXGroup;
			children = (
				BDFF2D342844CDFB005B843E /* TableDefinable.swift */,
				BDFF2D352844CDFB005B843E /* DatabasePersistable.swift */,
				BDFF2D362844CDFB005B843E /* FileStorable.swift */,
			);
			path = Protocols;
			sourceTree = "<group>";
		};
		BDFF2D372844CDFB005B843E /* EventProcessor */ = {
			isa = PBXGroup;
			children = (
				BDFF2D382844CDFB005B843E /* Core */,
			);
			path = EventProcessor;
			sourceTree = "<group>";
		};
		BDFF2D382844CDFB005B843E /* Core */ = {
			isa = PBXGroup;
			children = (
				BDFF2D392844CDFB005B843E /* EventClassifier.swift */,
				BDFF2D3A2844CDFB005B843E /* EventProcessor.swift */,
				BDFF2D3B2844CDFB005B843E /* EventProcessorDependencies.swift */,
			);
			path = Core;
			sourceTree = "<group>";
		};
/* End PBXGroup section */

/* Begin PBXNativeTarget section */
		68E7BADE244F08C00072549A /* Clickstream */ = {
			isa = PBXNativeTarget;
			buildConfigurationList = 68E7BAE6244F08C00072549A /* Build configuration list for PBXNativeTarget "Clickstream" */;
			buildPhases = (
				94140BB6CB25C8B7BDFDEDD3 /* [CP] Check Pods Manifest.lock */,
				68E7BADB244F08C00072549A /* Sources */,
				68E7BADC244F08C00072549A /* Frameworks */,
				68E7BADD244F08C00072549A /* CopyFiles */,
				6830362224E283B6007CF4DD /* Linting */,
			);
			buildRules = (
			);
			dependencies = (
			);
			name = Clickstream;
			productName = ClickStream;
			productReference = 68E7BADF244F08C00072549A /* libClickstream.a */;
			productType = "com.apple.product-type.library.static";
		};
		68E7BD1A2456E6F10072549A /* ClickstreamTests */ = {
			isa = PBXNativeTarget;
			buildConfigurationList = 68E7BD232456E6F10072549A /* Build configuration list for PBXNativeTarget "ClickstreamTests" */;
			buildPhases = (
				4770C2D85D1130CE55DBBCCC /* [CP] Check Pods Manifest.lock */,
				68E7BD172456E6F10072549A /* Sources */,
				68E7BD182456E6F10072549A /* Frameworks */,
				68E7BD192456E6F10072549A /* Resources */,
			);
			buildRules = (
			);
			dependencies = (
				68E7BD222456E6F10072549A /* PBXTargetDependency */,
			);
			name = ClickstreamTests;
			productName = ClickStreamTests;
			productReference = 68E7BD1B2456E6F10072549A /* ClickstreamTests.xctest */;
			productType = "com.apple.product-type.bundle.unit-test";
		};
/* End PBXNativeTarget section */

/* Begin PBXProject section */
		68E7BAD7244F08C00072549A /* Project object */ = {
			isa = PBXProject;
			attributes = {
				LastSwiftUpdateCheck = 1130;
				LastUpgradeCheck = 1130;
				ORGANIZATIONNAME = Gojek;
				TargetAttributes = {
					68E7BADE244F08C00072549A = {
						CreatedOnToolsVersion = 11.3.1;
					};
					68E7BD1A2456E6F10072549A = {
						CreatedOnToolsVersion = 11.3.1;
					};
				};
			};
			buildConfigurationList = 68E7BADA244F08C00072549A /* Build configuration list for PBXProject "Clickstream" */;
			compatibilityVersion = "Xcode 9.3";
			developmentRegion = en;
			hasScannedForEncodings = 0;
			knownRegions = (
				en,
				Base,
			);
			mainGroup = 68E7BAD6244F08C00072549A;
			productRefGroup = 68E7BAE0244F08C00072549A /* Products */;
			projectDirPath = "";
			projectRoot = "";
			targets = (
				68E7BADE244F08C00072549A /* Clickstream */,
				68E7BD1A2456E6F10072549A /* ClickstreamTests */,
			);
		};
/* End PBXProject section */

/* Begin PBXResourcesBuildPhase section */
		68E7BD192456E6F10072549A /* Resources */ = {
			isa = PBXResourcesBuildPhase;
			buildActionMask = 2147483647;
			files = (
			);
			runOnlyForDeploymentPostprocessing = 0;
		};
/* End PBXResourcesBuildPhase section */

/* Begin PBXShellScriptBuildPhase section */
		4770C2D85D1130CE55DBBCCC /* [CP] Check Pods Manifest.lock */ = {
			isa = PBXShellScriptBuildPhase;
			buildActionMask = 2147483647;
			files = (
			);
			inputFileListPaths = (
			);
			inputPaths = (
				"${PODS_PODFILE_DIR_PATH}/Podfile.lock",
				"${PODS_ROOT}/Manifest.lock",
			);
			name = "[CP] Check Pods Manifest.lock";
			outputFileListPaths = (
			);
			outputPaths = (
				"$(DERIVED_FILE_DIR)/Pods-ClickstreamTests-checkManifestLockResult.txt",
			);
			runOnlyForDeploymentPostprocessing = 0;
			shellPath = /bin/sh;
			shellScript = "diff \"${PODS_PODFILE_DIR_PATH}/Podfile.lock\" \"${PODS_ROOT}/Manifest.lock\" > /dev/null\nif [ $? != 0 ] ; then\n    # print error to STDERR\n    echo \"error: The sandbox is not in sync with the Podfile.lock. Run 'pod install' or update your CocoaPods installation.\" >&2\n    exit 1\nfi\n# This output is used by Xcode 'outputs' to avoid re-running this script phase.\necho \"SUCCESS\" > \"${SCRIPT_OUTPUT_FILE_0}\"\n";
			showEnvVarsInLog = 0;
		};
		6830362224E283B6007CF4DD /* Linting */ = {
			isa = PBXShellScriptBuildPhase;
			buildActionMask = 2147483647;
			files = (
			);
			inputFileListPaths = (
			);
			inputPaths = (
			);
			name = Linting;
			outputFileListPaths = (
			);
			outputPaths = (
			);
			runOnlyForDeploymentPostprocessing = 0;
			shellPath = /bin/sh;
			shellScript = "#if which swiftlint >/dev/null; then\n # swiftlint\n#else\n # echo \"warning: SwiftLint not installed, download from #https://github.com/realm/SwiftLint\"\n#fi\n";
		};
		94140BB6CB25C8B7BDFDEDD3 /* [CP] Check Pods Manifest.lock */ = {
			isa = PBXShellScriptBuildPhase;
			buildActionMask = 2147483647;
			files = (
			);
			inputFileListPaths = (
			);
			inputPaths = (
				"${PODS_PODFILE_DIR_PATH}/Podfile.lock",
				"${PODS_ROOT}/Manifest.lock",
			);
			name = "[CP] Check Pods Manifest.lock";
			outputFileListPaths = (
			);
			outputPaths = (
				"$(DERIVED_FILE_DIR)/Pods-Clickstream-checkManifestLockResult.txt",
			);
			runOnlyForDeploymentPostprocessing = 0;
			shellPath = /bin/sh;
			shellScript = "diff \"${PODS_PODFILE_DIR_PATH}/Podfile.lock\" \"${PODS_ROOT}/Manifest.lock\" > /dev/null\nif [ $? != 0 ] ; then\n    # print error to STDERR\n    echo \"error: The sandbox is not in sync with the Podfile.lock. Run 'pod install' or update your CocoaPods installation.\" >&2\n    exit 1\nfi\n# This output is used by Xcode 'outputs' to avoid re-running this script phase.\necho \"SUCCESS\" > \"${SCRIPT_OUTPUT_FILE_0}\"\n";
			showEnvVarsInLog = 0;
		};
/* End PBXShellScriptBuildPhase section */

/* Begin PBXSourcesBuildPhase section */
		68E7BADB244F08C00072549A /* Sources */ = {
			isa = PBXSourcesBuildPhase;
			buildActionMask = 2147483647;
			files = (
				BDFF2D8C2844CDFB005B843E /* DatabaseDAO.swift in Sources */,
				BDFF2D782844CDFB005B843E /* Event.pb.swift in Sources */,
				BDFF2D762844CDFB005B843E /* EventResponse.pb.swift in Sources */,
				BDFF2D982844CDFB005B843E /* EventProcessorDependencies.swift in Sources */,
				BDFF2D3E2844CDFB005B843E /* RetryMechanism.swift in Sources */,
				BDFF2D842844CDFB005B843E /* EventBatchSizeRegulator.swift in Sources */,
				BDFF2D7E2844CDFB005B843E /* EventWarehouser.swift in Sources */,
				BDFF2D442844CDFB005B843E /* SocketHandler.swift in Sources */,
				BDFF2D4A2844CDFB005B843E /* Connectable.swift in Sources */,
				BDFF2D862844CDFB005B843E /* SchedulerService.swift in Sources */,
				BDFF2D722844CDFB005B843E /* EventBatch.swift in Sources */,
				BDFF2D7A2844CDFB005B843E /* EventBatchCreator.swift in Sources */,
				BDFF2D402844CDFB005B843E /* NetworkManagerDependencies.swift in Sources */,
				BDFF2D682844CDFB005B843E /* JSONStringDecoder.swift in Sources */,
				BDFF2D8E2844CDFB005B843E /* TableDefinable.swift in Sources */,
				BDFF2D4E2844CDFB005B843E /* Atomic.swift in Sources */,
				BDFF2D5E2844CDFB005B843E /* ClickstreamDependencies.swift in Sources */,
				BDFF2D6A2844CDFB005B843E /* Logger.swift in Sources */,
				BDFF2D602844CDFB005B843E /* ClickStreamConstraints.swift in Sources */,
				BDFF2D902844CDFB005B843E /* DatabasePersistable.swift in Sources */,
				BDFF2D742844CDFB005B843E /* EventRequest.pb.swift in Sources */,
				BDFF2D802844CDFB005B843E /* EventBatchProcessor.swift in Sources */,
				BDFF2D922844CDFB005B843E /* FileStorable.swift in Sources */,
				BDFF2D622844CDFB005B843E /* ClickStreamEventClassification.swift in Sources */,
				BDFF2D462844CDFB005B843E /* Requestable.swift in Sources */,
				BDFF2D4C2844CDFB005B843E /* NetworkConfiguration.swift in Sources */,
				BDFF2D822844CDFB005B843E /* AppStateNotifierService.swift in Sources */,
				BDFF2D6E2844CDFB005B843E /* Event.swift in Sources */,
				BDFF2D582844CDFB005B843E /* ProtoConvertible.swift in Sources */,
				BDFF2D642844CDFB005B843E /* Constants.swift in Sources */,
				BDFF2D5A2844CDFB005B843E /* EventRequest.swift in Sources */,
				BDFF2D422844CDFB005B843E /* Heartbeat.swift in Sources */,
				BDFF2D962844CDFB005B843E /* EventProcessor.swift in Sources */,
				BDFF2D662844CDFB005B843E /* Reachability+Extension.swift in Sources */,
				BDFF2D3C2844CDFB005B843E /* NetworkBuilder.swift in Sources */,
				BDFF2D542844CDFB005B843E /* DispatchSourceTimer+RepeatingTimer.swift in Sources */,
				BDFF2D942844CDFB005B843E /* EventClassifier.swift in Sources */,
				BDFF2D482844CDFB005B843E /* NetworkService.swift in Sources */,
				BDFF2D5C2844CDFB005B843E /* ClickStream.swift in Sources */,
				BDFF2D7C2844CDFB005B843E /* EventSchedulerDependencies.swift in Sources */,
				BDFF2D502844CDFB005B843E /* DeviceStatusNotifier.swift in Sources */,
				BDFF2D882844CDFB005B843E /* SortedArray.swift in Sources */,
				BDFF2D8A2844CDFB005B843E /* DatabaseHandler.swift in Sources */,
				BDFF2D562844CDFB005B843E /* KeepAliveService.swift in Sources */,
				BDFF2D522844CDFB005B843E /* NetworkReachability.swift in Sources */,
				BDFF2D702844CDFB005B843E /* ClickstreamEvent.swift in Sources */,
				BDFF2D6C2844CDFB005B843E /* DeviceInfo.swift in Sources */,
			);
			runOnlyForDeploymentPostprocessing = 0;
		};
		68E7BD172456E6F10072549A /* Sources */ = {
			isa = PBXSourcesBuildPhase;
			buildActionMask = 2147483647;
			files = (
				BDFF2D992844CDFB005B843E /* EventProcessorDependencies.swift in Sources */,
				BDFF2D532844CDFB005B843E /* NetworkReachability.swift in Sources */,
				9AF0C75D280DECC400E39A12 /* EventProcessorDependenciesTests.swift in Sources */,
				BDFF2D592844CDFB005B843E /* ProtoConvertible.swift in Sources */,
				BDFF2D8F2844CDFB005B843E /* TableDefinable.swift in Sources */,
				681EAB4124897822003AB41A /* AppStateNotifierMock.swift in Sources */,
				BDFF2D5F2844CDFB005B843E /* ClickstreamDependencies.swift in Sources */,
				68316329260CB2690095DBCA /* BatchSizeRegulatorMock.swift in Sources */,
				9AF0C764280DECE500E39A12 /* AppStateNotifierServiceTests.swift in Sources */,
				9AF0C767280DECEE00E39A12 /* NetworkServiceTests.swift in Sources */,
				BDFF2D3F2844CDFB005B843E /* RetryMechanism.swift in Sources */,
				9ACF41E824ADEC7000A10832 /* MockConstants.swift in Sources */,
				BDFF2D8B2844CDFB005B843E /* DatabaseHandler.swift in Sources */,
				BDFF2D4D2844CDFB005B843E /* NetworkConfiguration.swift in Sources */,
				BDFF2D7F2844CDFB005B843E /* EventWarehouser.swift in Sources */,
				BDFF2D832844CDFB005B843E /* AppStateNotifierService.swift in Sources */,
				BDFF2D932844CDFB005B843E /* FileStorable.swift in Sources */,
				BDFF2D472844CDFB005B843E /* Requestable.swift in Sources */,
				BDFF2D852844CDFB005B843E /* EventBatchSizeRegulator.swift in Sources */,
				BDFF2D7D2844CDFB005B843E /* EventSchedulerDependencies.swift in Sources */,
				BDFF2D672844CDFB005B843E /* Reachability+Extension.swift in Sources */,
				68E7BD87246028CF0072549A /* SocketHandlerMock.swift in Sources */,
				BDFF2D5D2844CDFB005B843E /* ClickStream.swift in Sources */,
				BDFF2D872844CDFB005B843E /* SchedulerService.swift in Sources */,
				9AF0C758280DEC8C00E39A12 /* ClickStreamTests.swift in Sources */,
				BDFF2D552844CDFB005B843E /* DispatchSourceTimer+RepeatingTimer.swift in Sources */,
				BDFF2D492844CDFB005B843E /* NetworkService.swift in Sources */,
				9AF0C759280DEC9600E39A12 /* EventTests.swift in Sources */,
				BDFF2D512844CDFB005B843E /* DeviceStatusNotifier.swift in Sources */,
				9AF0C761280DECDE00E39A12 /* EventBatchProcessorTests.swift in Sources */,
				68316339260DC7D00095DBCA /* DatabaseMock.swift in Sources */,
				9AF0C75F280DECD800E39A12 /* SchedulerServiceTests.swift in Sources */,
				BDFF2D892844CDFB005B843E /* SortedArray.swift in Sources */,
				BDFF2D632844CDFB005B843E /* ClickStreamEventClassification.swift in Sources */,
				687B2A2A246AA756008F2805 /* NetworkReachabilityMock.swift in Sources */,
				BDFF2D772844CDFB005B843E /* EventResponse.pb.swift in Sources */,
				BDFF2D6F2844CDFB005B843E /* Event.swift in Sources */,
				BDFF2D912844CDFB005B843E /* DatabasePersistable.swift in Sources */,
				BDFF2D792844CDFB005B843E /* Event.pb.swift in Sources */,
				BDFF2D6B2844CDFB005B843E /* Logger.swift in Sources */,
				BDFF2D4B2844CDFB005B843E /* Connectable.swift in Sources */,
				9AF0C75E280DECD600E39A12 /* EventCreatorTests.swift in Sources */,
				BDFF2D4F2844CDFB005B843E /* Atomic.swift in Sources */,
				BDFF2D432844CDFB005B843E /* Heartbeat.swift in Sources */,
				BDFF2D5B2844CDFB005B843E /* EventRequest.swift in Sources */,
				BDFF2D652844CDFB005B843E /* Constants.swift in Sources */,
				6831635F261218F90095DBCA /* RetryMechanismTests.swift in Sources */,
				BDFF2D732844CDFB005B843E /* EventBatch.swift in Sources */,
				BDFF2D972844CDFB005B843E /* EventProcessor.swift in Sources */,
				9AF0C75A280DECBD00E39A12 /* EventBatchTests.swift in Sources */,
				BDFF2D812844CDFB005B843E /* EventBatchProcessor.swift in Sources */,
				9AF0C762280DECE100E39A12 /* EventWarehouserTests.swift in Sources */,
				9AF0C765280DECE800E39A12 /* NetworkManagerDependenciesTests.swift in Sources */,
				9AF0C75C280DECC200E39A12 /* EventProcessorTest.swift in Sources */,
				BDFF2D572844CDFB005B843E /* KeepAliveService.swift in Sources */,
				BDFF2D452844CDFB005B843E /* SocketHandler.swift in Sources */,
				9AF0C75B280DECBF00E39A12 /* ClickStreamDependenciesTests.swift in Sources */,
				BDFF2D3D2844CDFB005B843E /* NetworkBuilder.swift in Sources */,
				BDFF2D8D2844CDFB005B843E /* DatabaseDAO.swift in Sources */,
				BDFF2D612844CDFB005B843E /* ClickStreamConstraints.swift in Sources */,
				BDFF2D692844CDFB005B843E /* JSONStringDecoder.swift in Sources */,
				BDFF2D952844CDFB005B843E /* EventClassifier.swift in Sources */,
				BDFF2D752844CDFB005B843E /* EventRequest.pb.swift in Sources */,
				BDFF2D412844CDFB005B843E /* NetworkManagerDependencies.swift in Sources */,
				9AF0C760280DECDC00E39A12 /* SortedArrayTests.swift in Sources */,
				68E19FB8247D42100074A790 /* DispatchQueue+Detection.swift in Sources */,
				9AF0C768280DECF000E39A12 /* NetworkBuilderTests.swift in Sources */,
				9AF0C763280DECE300E39A12 /* EventSchedulerDependenciesTests.swift in Sources */,
				BDFF2D7B2844CDFB005B843E /* EventBatchCreator.swift in Sources */,
				BDFF2D712844CDFB005B843E /* ClickstreamEvent.swift in Sources */,
				9AF0C766280DECEB00E39A12 /* DeviceStatusNotifierTests.swift in Sources */,
				BDFF2D6D2844CDFB005B843E /* DeviceInfo.swift in Sources */,
			);
			runOnlyForDeploymentPostprocessing = 0;
		};
/* End PBXSourcesBuildPhase section */

/* Begin PBXTargetDependency section */
		68E7BD222456E6F10072549A /* PBXTargetDependency */ = {
			isa = PBXTargetDependency;
			target = 68E7BADE244F08C00072549A /* Clickstream */;
			targetProxy = 68E7BD212456E6F10072549A /* PBXContainerItemProxy */;
		};
/* End PBXTargetDependency section */

/* Begin XCBuildConfiguration section */
		68E7BAE4244F08C00072549A /* Debug */ = {
			isa = XCBuildConfiguration;
			buildSettings = {
				ALWAYS_SEARCH_USER_PATHS = NO;
				CLANG_ANALYZER_NONNULL = YES;
				CLANG_ANALYZER_NUMBER_OBJECT_CONVERSION = YES_AGGRESSIVE;
				CLANG_CXX_LANGUAGE_STANDARD = "gnu++14";
				CLANG_CXX_LIBRARY = "libc++";
				CLANG_ENABLE_MODULES = YES;
				CLANG_ENABLE_OBJC_ARC = YES;
				CLANG_ENABLE_OBJC_WEAK = YES;
				CLANG_WARN_BLOCK_CAPTURE_AUTORELEASING = YES;
				CLANG_WARN_BOOL_CONVERSION = YES;
				CLANG_WARN_COMMA = YES;
				CLANG_WARN_CONSTANT_CONVERSION = YES;
				CLANG_WARN_DEPRECATED_OBJC_IMPLEMENTATIONS = YES;
				CLANG_WARN_DIRECT_OBJC_ISA_USAGE = YES_ERROR;
				CLANG_WARN_DOCUMENTATION_COMMENTS = YES;
				CLANG_WARN_EMPTY_BODY = YES;
				CLANG_WARN_ENUM_CONVERSION = YES;
				CLANG_WARN_INFINITE_RECURSION = YES;
				CLANG_WARN_INT_CONVERSION = YES;
				CLANG_WARN_NON_LITERAL_NULL_CONVERSION = YES;
				CLANG_WARN_OBJC_IMPLICIT_RETAIN_SELF = YES;
				CLANG_WARN_OBJC_LITERAL_CONVERSION = YES;
				CLANG_WARN_OBJC_ROOT_CLASS = YES_ERROR;
				CLANG_WARN_RANGE_LOOP_ANALYSIS = YES;
				CLANG_WARN_STRICT_PROTOTYPES = YES;
				CLANG_WARN_SUSPICIOUS_MOVE = YES;
				CLANG_WARN_UNGUARDED_AVAILABILITY = YES_AGGRESSIVE;
				CLANG_WARN_UNREACHABLE_CODE = YES;
				CLANG_WARN__DUPLICATE_METHOD_MATCH = YES;
				COPY_PHASE_STRIP = NO;
				DEBUG_INFORMATION_FORMAT = dwarf;
				ENABLE_STRICT_OBJC_MSGSEND = YES;
				ENABLE_TESTABILITY = YES;
				GCC_C_LANGUAGE_STANDARD = gnu11;
				GCC_DYNAMIC_NO_PIC = NO;
				GCC_NO_COMMON_BLOCKS = YES;
				GCC_OPTIMIZATION_LEVEL = 0;
				GCC_PREPROCESSOR_DEFINITIONS = (
					"DEBUG=1",
					"$(inherited)",
				);
				GCC_WARN_64_TO_32_BIT_CONVERSION = YES;
				GCC_WARN_ABOUT_RETURN_TYPE = YES_ERROR;
				GCC_WARN_UNDECLARED_SELECTOR = YES;
				GCC_WARN_UNINITIALIZED_AUTOS = YES_AGGRESSIVE;
				GCC_WARN_UNUSED_FUNCTION = YES;
				GCC_WARN_UNUSED_VARIABLE = YES;
				IPHONEOS_DEPLOYMENT_TARGET = 11.0;
				MTL_ENABLE_DEBUG_INFO = INCLUDE_SOURCE;
				MTL_FAST_MATH = YES;
				ONLY_ACTIVE_ARCH = YES;
				SDKROOT = iphoneos;
				SWIFT_ACTIVE_COMPILATION_CONDITIONS = DEBUG;
				SWIFT_OPTIMIZATION_LEVEL = "-Onone";
			};
			name = Debug;
		};
		68E7BAE5244F08C00072549A /* Release */ = {
			isa = XCBuildConfiguration;
			buildSettings = {
				ALWAYS_SEARCH_USER_PATHS = NO;
				CLANG_ANALYZER_NONNULL = YES;
				CLANG_ANALYZER_NUMBER_OBJECT_CONVERSION = YES_AGGRESSIVE;
				CLANG_CXX_LANGUAGE_STANDARD = "gnu++14";
				CLANG_CXX_LIBRARY = "libc++";
				CLANG_ENABLE_MODULES = YES;
				CLANG_ENABLE_OBJC_ARC = YES;
				CLANG_ENABLE_OBJC_WEAK = YES;
				CLANG_WARN_BLOCK_CAPTURE_AUTORELEASING = YES;
				CLANG_WARN_BOOL_CONVERSION = YES;
				CLANG_WARN_COMMA = YES;
				CLANG_WARN_CONSTANT_CONVERSION = YES;
				CLANG_WARN_DEPRECATED_OBJC_IMPLEMENTATIONS = YES;
				CLANG_WARN_DIRECT_OBJC_ISA_USAGE = YES_ERROR;
				CLANG_WARN_DOCUMENTATION_COMMENTS = YES;
				CLANG_WARN_EMPTY_BODY = YES;
				CLANG_WARN_ENUM_CONVERSION = YES;
				CLANG_WARN_INFINITE_RECURSION = YES;
				CLANG_WARN_INT_CONVERSION = YES;
				CLANG_WARN_NON_LITERAL_NULL_CONVERSION = YES;
				CLANG_WARN_OBJC_IMPLICIT_RETAIN_SELF = YES;
				CLANG_WARN_OBJC_LITERAL_CONVERSION = YES;
				CLANG_WARN_OBJC_ROOT_CLASS = YES_ERROR;
				CLANG_WARN_RANGE_LOOP_ANALYSIS = YES;
				CLANG_WARN_STRICT_PROTOTYPES = YES;
				CLANG_WARN_SUSPICIOUS_MOVE = YES;
				CLANG_WARN_UNGUARDED_AVAILABILITY = YES_AGGRESSIVE;
				CLANG_WARN_UNREACHABLE_CODE = YES;
				CLANG_WARN__DUPLICATE_METHOD_MATCH = YES;
				COPY_PHASE_STRIP = NO;
				DEBUG_INFORMATION_FORMAT = "dwarf-with-dsym";
				ENABLE_NS_ASSERTIONS = NO;
				ENABLE_STRICT_OBJC_MSGSEND = YES;
				GCC_C_LANGUAGE_STANDARD = gnu11;
				GCC_NO_COMMON_BLOCKS = YES;
				GCC_WARN_64_TO_32_BIT_CONVERSION = YES;
				GCC_WARN_ABOUT_RETURN_TYPE = YES_ERROR;
				GCC_WARN_UNDECLARED_SELECTOR = YES;
				GCC_WARN_UNINITIALIZED_AUTOS = YES_AGGRESSIVE;
				GCC_WARN_UNUSED_FUNCTION = YES;
				GCC_WARN_UNUSED_VARIABLE = YES;
				IPHONEOS_DEPLOYMENT_TARGET = 11.0;
				MTL_ENABLE_DEBUG_INFO = NO;
				MTL_FAST_MATH = YES;
				SDKROOT = iphoneos;
				SWIFT_ACTIVE_COMPILATION_CONDITIONS = RELEASE;
				SWIFT_COMPILATION_MODE = wholemodule;
				SWIFT_OPTIMIZATION_LEVEL = "-O";
				VALIDATE_PRODUCT = YES;
			};
			name = Release;
		};
		68E7BAE7244F08C00072549A /* Debug */ = {
			isa = XCBuildConfiguration;
			baseConfigurationReference = 648DAB4E40F6DC907B382865 /* Pods-Clickstream.debug.xcconfig */;
			buildSettings = {
				CODE_SIGN_STYLE = Automatic;
				OTHER_LDFLAGS = "-ObjC";
				PRODUCT_NAME = "$(TARGET_NAME)";
				SKIP_INSTALL = YES;
				SWIFT_VERSION = 5.0;
				TARGETED_DEVICE_FAMILY = "1,2";
			};
			name = Debug;
		};
		68E7BAE8244F08C00072549A /* Release */ = {
			isa = XCBuildConfiguration;
			baseConfigurationReference = CE0DDF6C8FEF56541542F669 /* Pods-Clickstream.release.xcconfig */;
			buildSettings = {
				CODE_SIGN_STYLE = Automatic;
				OTHER_LDFLAGS = "-ObjC";
				PRODUCT_NAME = "$(TARGET_NAME)";
				SKIP_INSTALL = YES;
				SWIFT_ACTIVE_COMPILATION_CONDITIONS = RELEASE;
				SWIFT_VERSION = 5.0;
				TARGETED_DEVICE_FAMILY = "1,2";
			};
			name = Release;
		};
		68E7BB14245062B50072549A /* Integration */ = {
			isa = XCBuildConfiguration;
			buildSettings = {
				ALWAYS_SEARCH_USER_PATHS = NO;
				CLANG_ANALYZER_NONNULL = YES;
				CLANG_ANALYZER_NUMBER_OBJECT_CONVERSION = YES_AGGRESSIVE;
				CLANG_CXX_LANGUAGE_STANDARD = "gnu++14";
				CLANG_CXX_LIBRARY = "libc++";
				CLANG_ENABLE_MODULES = YES;
				CLANG_ENABLE_OBJC_ARC = YES;
				CLANG_ENABLE_OBJC_WEAK = YES;
				CLANG_WARN_BLOCK_CAPTURE_AUTORELEASING = YES;
				CLANG_WARN_BOOL_CONVERSION = YES;
				CLANG_WARN_COMMA = YES;
				CLANG_WARN_CONSTANT_CONVERSION = YES;
				CLANG_WARN_DEPRECATED_OBJC_IMPLEMENTATIONS = YES;
				CLANG_WARN_DIRECT_OBJC_ISA_USAGE = YES_ERROR;
				CLANG_WARN_DOCUMENTATION_COMMENTS = YES;
				CLANG_WARN_EMPTY_BODY = YES;
				CLANG_WARN_ENUM_CONVERSION = YES;
				CLANG_WARN_INFINITE_RECURSION = YES;
				CLANG_WARN_INT_CONVERSION = YES;
				CLANG_WARN_NON_LITERAL_NULL_CONVERSION = YES;
				CLANG_WARN_OBJC_IMPLICIT_RETAIN_SELF = YES;
				CLANG_WARN_OBJC_LITERAL_CONVERSION = YES;
				CLANG_WARN_OBJC_ROOT_CLASS = YES_ERROR;
				CLANG_WARN_RANGE_LOOP_ANALYSIS = YES;
				CLANG_WARN_STRICT_PROTOTYPES = YES;
				CLANG_WARN_SUSPICIOUS_MOVE = YES;
				CLANG_WARN_UNGUARDED_AVAILABILITY = YES_AGGRESSIVE;
				CLANG_WARN_UNREACHABLE_CODE = YES;
				CLANG_WARN__DUPLICATE_METHOD_MATCH = YES;
				COPY_PHASE_STRIP = NO;
				DEBUG_INFORMATION_FORMAT = dwarf;
				ENABLE_STRICT_OBJC_MSGSEND = YES;
				ENABLE_TESTABILITY = YES;
				GCC_C_LANGUAGE_STANDARD = gnu11;
				GCC_DYNAMIC_NO_PIC = NO;
				GCC_NO_COMMON_BLOCKS = YES;
				GCC_OPTIMIZATION_LEVEL = 0;
				GCC_PREPROCESSOR_DEFINITIONS = (
					"DEBUG=1",
					"$(inherited)",
				);
				GCC_WARN_64_TO_32_BIT_CONVERSION = YES;
				GCC_WARN_ABOUT_RETURN_TYPE = YES_ERROR;
				GCC_WARN_UNDECLARED_SELECTOR = YES;
				GCC_WARN_UNINITIALIZED_AUTOS = YES_AGGRESSIVE;
				GCC_WARN_UNUSED_FUNCTION = YES;
				GCC_WARN_UNUSED_VARIABLE = YES;
				IPHONEOS_DEPLOYMENT_TARGET = 11.0;
				MTL_ENABLE_DEBUG_INFO = INCLUDE_SOURCE;
				MTL_FAST_MATH = YES;
				ONLY_ACTIVE_ARCH = YES;
				SDKROOT = iphoneos;
				SWIFT_ACTIVE_COMPILATION_CONDITIONS = INTEGRATION;
				SWIFT_OPTIMIZATION_LEVEL = "-Onone";
			};
			name = Integration;
		};
		68E7BB15245062B50072549A /* Integration */ = {
			isa = XCBuildConfiguration;
			baseConfigurationReference = 4E6C3824C7CDED41B858448B /* Pods-Clickstream.integration.xcconfig */;
			buildSettings = {
				CODE_SIGN_STYLE = Automatic;
				ONLY_ACTIVE_ARCH = NO;
				OTHER_LDFLAGS = "-ObjC";
				PRODUCT_NAME = "$(TARGET_NAME)";
				SKIP_INSTALL = YES;
				SWIFT_ACTIVE_COMPILATION_CONDITIONS = INTEGRATION;
				SWIFT_VERSION = 5.0;
				TARGETED_DEVICE_FAMILY = "1,2";
			};
			name = Integration;
		};
		68E7BB16245062C80072549A /* Production */ = {
			isa = XCBuildConfiguration;
			buildSettings = {
				ALWAYS_SEARCH_USER_PATHS = NO;
				CLANG_ANALYZER_NONNULL = YES;
				CLANG_ANALYZER_NUMBER_OBJECT_CONVERSION = YES_AGGRESSIVE;
				CLANG_CXX_LANGUAGE_STANDARD = "gnu++14";
				CLANG_CXX_LIBRARY = "libc++";
				CLANG_ENABLE_MODULES = YES;
				CLANG_ENABLE_OBJC_ARC = YES;
				CLANG_ENABLE_OBJC_WEAK = YES;
				CLANG_WARN_BLOCK_CAPTURE_AUTORELEASING = YES;
				CLANG_WARN_BOOL_CONVERSION = YES;
				CLANG_WARN_COMMA = YES;
				CLANG_WARN_CONSTANT_CONVERSION = YES;
				CLANG_WARN_DEPRECATED_OBJC_IMPLEMENTATIONS = YES;
				CLANG_WARN_DIRECT_OBJC_ISA_USAGE = YES_ERROR;
				CLANG_WARN_DOCUMENTATION_COMMENTS = YES;
				CLANG_WARN_EMPTY_BODY = YES;
				CLANG_WARN_ENUM_CONVERSION = YES;
				CLANG_WARN_INFINITE_RECURSION = YES;
				CLANG_WARN_INT_CONVERSION = YES;
				CLANG_WARN_NON_LITERAL_NULL_CONVERSION = YES;
				CLANG_WARN_OBJC_IMPLICIT_RETAIN_SELF = YES;
				CLANG_WARN_OBJC_LITERAL_CONVERSION = YES;
				CLANG_WARN_OBJC_ROOT_CLASS = YES_ERROR;
				CLANG_WARN_RANGE_LOOP_ANALYSIS = YES;
				CLANG_WARN_STRICT_PROTOTYPES = YES;
				CLANG_WARN_SUSPICIOUS_MOVE = YES;
				CLANG_WARN_UNGUARDED_AVAILABILITY = YES_AGGRESSIVE;
				CLANG_WARN_UNREACHABLE_CODE = YES;
				CLANG_WARN__DUPLICATE_METHOD_MATCH = YES;
				COPY_PHASE_STRIP = NO;
				DEBUG_INFORMATION_FORMAT = "dwarf-with-dsym";
				ENABLE_NS_ASSERTIONS = NO;
				ENABLE_STRICT_OBJC_MSGSEND = YES;
				GCC_C_LANGUAGE_STANDARD = gnu11;
				GCC_NO_COMMON_BLOCKS = YES;
				GCC_WARN_64_TO_32_BIT_CONVERSION = YES;
				GCC_WARN_ABOUT_RETURN_TYPE = YES_ERROR;
				GCC_WARN_UNDECLARED_SELECTOR = YES;
				GCC_WARN_UNINITIALIZED_AUTOS = YES_AGGRESSIVE;
				GCC_WARN_UNUSED_FUNCTION = YES;
				GCC_WARN_UNUSED_VARIABLE = YES;
				IPHONEOS_DEPLOYMENT_TARGET = 11.0;
				MTL_ENABLE_DEBUG_INFO = NO;
				MTL_FAST_MATH = YES;
				SDKROOT = iphoneos;
				SWIFT_ACTIVE_COMPILATION_CONDITIONS = PRODUCTION;
				SWIFT_COMPILATION_MODE = wholemodule;
				SWIFT_OPTIMIZATION_LEVEL = "-O";
				VALIDATE_PRODUCT = YES;
			};
			name = Production;
		};
		68E7BB17245062C80072549A /* Production */ = {
			isa = XCBuildConfiguration;
			baseConfigurationReference = 29B8DC0F2041096BB583B8F4 /* Pods-Clickstream.production.xcconfig */;
			buildSettings = {
				CODE_SIGN_STYLE = Automatic;
				OTHER_LDFLAGS = "-ObjC";
				PRODUCT_NAME = "$(TARGET_NAME)";
				SKIP_INSTALL = YES;
				SWIFT_ACTIVE_COMPILATION_CONDITIONS = PRODUCTION;
				SWIFT_VERSION = 5.0;
				TARGETED_DEVICE_FAMILY = "1,2";
			};
			name = Production;
		};
		68E7BB18245062D20072549A /* Alpha */ = {
			isa = XCBuildConfiguration;
			buildSettings = {
				ALWAYS_SEARCH_USER_PATHS = NO;
				CLANG_ANALYZER_NONNULL = YES;
				CLANG_ANALYZER_NUMBER_OBJECT_CONVERSION = YES_AGGRESSIVE;
				CLANG_CXX_LANGUAGE_STANDARD = "gnu++14";
				CLANG_CXX_LIBRARY = "libc++";
				CLANG_ENABLE_MODULES = YES;
				CLANG_ENABLE_OBJC_ARC = YES;
				CLANG_ENABLE_OBJC_WEAK = YES;
				CLANG_WARN_BLOCK_CAPTURE_AUTORELEASING = YES;
				CLANG_WARN_BOOL_CONVERSION = YES;
				CLANG_WARN_COMMA = YES;
				CLANG_WARN_CONSTANT_CONVERSION = YES;
				CLANG_WARN_DEPRECATED_OBJC_IMPLEMENTATIONS = YES;
				CLANG_WARN_DIRECT_OBJC_ISA_USAGE = YES_ERROR;
				CLANG_WARN_DOCUMENTATION_COMMENTS = YES;
				CLANG_WARN_EMPTY_BODY = YES;
				CLANG_WARN_ENUM_CONVERSION = YES;
				CLANG_WARN_INFINITE_RECURSION = YES;
				CLANG_WARN_INT_CONVERSION = YES;
				CLANG_WARN_NON_LITERAL_NULL_CONVERSION = YES;
				CLANG_WARN_OBJC_IMPLICIT_RETAIN_SELF = YES;
				CLANG_WARN_OBJC_LITERAL_CONVERSION = YES;
				CLANG_WARN_OBJC_ROOT_CLASS = YES_ERROR;
				CLANG_WARN_RANGE_LOOP_ANALYSIS = YES;
				CLANG_WARN_STRICT_PROTOTYPES = YES;
				CLANG_WARN_SUSPICIOUS_MOVE = YES;
				CLANG_WARN_UNGUARDED_AVAILABILITY = YES_AGGRESSIVE;
				CLANG_WARN_UNREACHABLE_CODE = YES;
				CLANG_WARN__DUPLICATE_METHOD_MATCH = YES;
				COPY_PHASE_STRIP = NO;
				DEBUG_INFORMATION_FORMAT = "dwarf-with-dsym";
				ENABLE_NS_ASSERTIONS = NO;
				ENABLE_STRICT_OBJC_MSGSEND = YES;
				GCC_C_LANGUAGE_STANDARD = gnu11;
				GCC_NO_COMMON_BLOCKS = YES;
				GCC_WARN_64_TO_32_BIT_CONVERSION = YES;
				GCC_WARN_ABOUT_RETURN_TYPE = YES_ERROR;
				GCC_WARN_UNDECLARED_SELECTOR = YES;
				GCC_WARN_UNINITIALIZED_AUTOS = YES_AGGRESSIVE;
				GCC_WARN_UNUSED_FUNCTION = YES;
				GCC_WARN_UNUSED_VARIABLE = YES;
				IPHONEOS_DEPLOYMENT_TARGET = 11.0;
				MTL_ENABLE_DEBUG_INFO = NO;
				MTL_FAST_MATH = YES;
				ONLY_ACTIVE_ARCH = NO;
				SDKROOT = iphoneos;
				SWIFT_ACTIVE_COMPILATION_CONDITIONS = APLHA;
				SWIFT_COMPILATION_MODE = wholemodule;
				SWIFT_OPTIMIZATION_LEVEL = "-O";
				VALIDATE_PRODUCT = YES;
			};
			name = Alpha;
		};
		68E7BB19245062D20072549A /* Alpha */ = {
			isa = XCBuildConfiguration;
			baseConfigurationReference = ECF5BD8DAF7A99CBB2DED931 /* Pods-Clickstream.alpha.xcconfig */;
			buildSettings = {
				CODE_SIGN_STYLE = Automatic;
				OTHER_LDFLAGS = "-ObjC";
				PRODUCT_NAME = "$(TARGET_NAME)";
				SKIP_INSTALL = YES;
				SWIFT_ACTIVE_COMPILATION_CONDITIONS = ALPHA;
				SWIFT_VERSION = 5.0;
				TARGETED_DEVICE_FAMILY = "1,2";
			};
			name = Alpha;
		};
		68E7BD242456E6F10072549A /* Debug */ = {
			isa = XCBuildConfiguration;
			baseConfigurationReference = 026883E1ABD8D4DE000CCE1A /* Pods-ClickstreamTests.debug.xcconfig */;
			buildSettings = {
				ALWAYS_EMBED_SWIFT_STANDARD_LIBRARIES = YES;
				CODE_SIGN_STYLE = Manual;
				DEVELOPMENT_TEAM = "";
				INFOPLIST_FILE = ClickstreamTests/Info.plist;
				LD_RUNPATH_SEARCH_PATHS = (
					"$(inherited)",
					"@executable_path/Frameworks",
					"@loader_path/Frameworks",
				);
				PRODUCT_BUNDLE_IDENTIFIER = com.ClickstreamTests;
				PRODUCT_NAME = "$(TARGET_NAME)";
				PROVISIONING_PROFILE_SPECIFIER = "";
				"PROVISIONING_PROFILE_SPECIFIER[sdk=macosx*]" = "";
				SWIFT_VERSION = 5.0;
				TARGETED_DEVICE_FAMILY = "1,2";
			};
			name = Debug;
		};
		68E7BD252456E6F10072549A /* Integration */ = {
			isa = XCBuildConfiguration;
			baseConfigurationReference = 8F897E08C979344DD901081E /* Pods-ClickstreamTests.integration.xcconfig */;
			buildSettings = {
				ALWAYS_EMBED_SWIFT_STANDARD_LIBRARIES = YES;
				CODE_SIGN_STYLE = Manual;
				DEVELOPMENT_TEAM = "";
				INFOPLIST_FILE = ClickstreamTests/Info.plist;
				LD_RUNPATH_SEARCH_PATHS = (
					"$(inherited)",
					"@executable_path/Frameworks",
					"@loader_path/Frameworks",
				);
				PRODUCT_BUNDLE_IDENTIFIER = com.ClickstreamTests;
				PRODUCT_NAME = "$(TARGET_NAME)";
				PROVISIONING_PROFILE_SPECIFIER = "";
				"PROVISIONING_PROFILE_SPECIFIER[sdk=macosx*]" = "";
				SWIFT_VERSION = 5.0;
				TARGETED_DEVICE_FAMILY = "1,2";
			};
			name = Integration;
		};
		68E7BD262456E6F10072549A /* Release */ = {
			isa = XCBuildConfiguration;
			baseConfigurationReference = BB8FC50A2642B4AB9A0F5C7A /* Pods-ClickstreamTests.release.xcconfig */;
			buildSettings = {
				ALWAYS_EMBED_SWIFT_STANDARD_LIBRARIES = YES;
				CODE_SIGN_STYLE = Manual;
				DEVELOPMENT_TEAM = "";
				INFOPLIST_FILE = ClickstreamTests/Info.plist;
				LD_RUNPATH_SEARCH_PATHS = (
					"$(inherited)",
					"@executable_path/Frameworks",
					"@loader_path/Frameworks",
				);
				PRODUCT_BUNDLE_IDENTIFIER = com.ClickstreamTests;
				PRODUCT_NAME = "$(TARGET_NAME)";
				PROVISIONING_PROFILE_SPECIFIER = "";
				"PROVISIONING_PROFILE_SPECIFIER[sdk=macosx*]" = "";
				SWIFT_VERSION = 5.0;
				TARGETED_DEVICE_FAMILY = "1,2";
			};
			name = Release;
		};
		68E7BD272456E6F10072549A /* Alpha */ = {
			isa = XCBuildConfiguration;
			baseConfigurationReference = 982B79213B46315695DB86CD /* Pods-ClickstreamTests.alpha.xcconfig */;
			buildSettings = {
				ALWAYS_EMBED_SWIFT_STANDARD_LIBRARIES = YES;
				CODE_SIGN_STYLE = Manual;
				DEVELOPMENT_TEAM = "";
				INFOPLIST_FILE = ClickstreamTests/Info.plist;
				LD_RUNPATH_SEARCH_PATHS = (
					"$(inherited)",
					"@executable_path/Frameworks",
					"@loader_path/Frameworks",
				);
				PRODUCT_BUNDLE_IDENTIFIER = com.ClickstreamTests;
				PRODUCT_NAME = "$(TARGET_NAME)";
				PROVISIONING_PROFILE_SPECIFIER = "";
				"PROVISIONING_PROFILE_SPECIFIER[sdk=macosx*]" = "";
				SWIFT_VERSION = 5.0;
				TARGETED_DEVICE_FAMILY = "1,2";
			};
			name = Alpha;
		};
		68E7BD282456E6F10072549A /* Production */ = {
			isa = XCBuildConfiguration;
			baseConfigurationReference = E124AE4DB65361CBC287A781 /* Pods-ClickstreamTests.production.xcconfig */;
			buildSettings = {
				ALWAYS_EMBED_SWIFT_STANDARD_LIBRARIES = YES;
				CODE_SIGN_STYLE = Manual;
				DEVELOPMENT_TEAM = "";
				INFOPLIST_FILE = ClickstreamTests/Info.plist;
				LD_RUNPATH_SEARCH_PATHS = (
					"$(inherited)",
					"@executable_path/Frameworks",
					"@loader_path/Frameworks",
				);
				PRODUCT_BUNDLE_IDENTIFIER = com.ClickstreamTests;
				PRODUCT_NAME = "$(TARGET_NAME)";
				PROVISIONING_PROFILE_SPECIFIER = "";
				"PROVISIONING_PROFILE_SPECIFIER[sdk=macosx*]" = "";
				SWIFT_VERSION = 5.0;
				TARGETED_DEVICE_FAMILY = "1,2";
			};
			name = Production;
		};
/* End XCBuildConfiguration section */

/* Begin XCConfigurationList section */
		68E7BADA244F08C00072549A /* Build configuration list for PBXProject "Clickstream" */ = {
			isa = XCConfigurationList;
			buildConfigurations = (
				68E7BAE4244F08C00072549A /* Debug */,
				68E7BB14245062B50072549A /* Integration */,
				68E7BAE5244F08C00072549A /* Release */,
				68E7BB18245062D20072549A /* Alpha */,
				68E7BB16245062C80072549A /* Production */,
			);
			defaultConfigurationIsVisible = 0;
			defaultConfigurationName = Release;
		};
		68E7BAE6244F08C00072549A /* Build configuration list for PBXNativeTarget "Clickstream" */ = {
			isa = XCConfigurationList;
			buildConfigurations = (
				68E7BAE7244F08C00072549A /* Debug */,
				68E7BB15245062B50072549A /* Integration */,
				68E7BAE8244F08C00072549A /* Release */,
				68E7BB19245062D20072549A /* Alpha */,
				68E7BB17245062C80072549A /* Production */,
			);
			defaultConfigurationIsVisible = 0;
			defaultConfigurationName = Release;
		};
		68E7BD232456E6F10072549A /* Build configuration list for PBXNativeTarget "ClickstreamTests" */ = {
			isa = XCConfigurationList;
			buildConfigurations = (
				68E7BD242456E6F10072549A /* Debug */,
				68E7BD252456E6F10072549A /* Integration */,
				68E7BD262456E6F10072549A /* Release */,
				68E7BD272456E6F10072549A /* Alpha */,
				68E7BD282456E6F10072549A /* Production */,
			);
			defaultConfigurationIsVisible = 0;
			defaultConfigurationName = Release;
		};
/* End XCConfigurationList section */
	};
	rootObject = 68E7BAD7244F08C00072549A /* Project object */;
}
